// !$*UTF8*$!
{
	archiveVersion = 1;
	classes = {
	};
	objectVersion = 50;
	objects = {

/* Begin PBXBuildFile section */
		57453FCD23E97FDF00F86F66 /* DetailView.swift in Sources */ = {isa = PBXBuildFile; fileRef = 57453FCC23E97FDF00F86F66 /* DetailView.swift */; };
		57453FCF23E97FEF00F86F66 /* SplashScreen.swift in Sources */ = {isa = PBXBuildFile; fileRef = 57453FCE23E97FEF00F86F66 /* SplashScreen.swift */; };
		CD200B4323E3885100629E73 /* AppDelegate.swift in Sources */ = {isa = PBXBuildFile; fileRef = CD200B4223E3885100629E73 /* AppDelegate.swift */; };
		CD200B4523E3885100629E73 /* SceneDelegate.swift in Sources */ = {isa = PBXBuildFile; fileRef = CD200B4423E3885100629E73 /* SceneDelegate.swift */; };
		CD200B4723E3885100629E73 /* ContentView.swift in Sources */ = {isa = PBXBuildFile; fileRef = CD200B4623E3885100629E73 /* ContentView.swift */; };
		CD200B4923E3885700629E73 /* Assets.xcassets in Resources */ = {isa = PBXBuildFile; fileRef = CD200B4823E3885700629E73 /* Assets.xcassets */; };
		CD200B4C23E3885700629E73 /* Preview Assets.xcassets in Resources */ = {isa = PBXBuildFile; fileRef = CD200B4B23E3885700629E73 /* Preview Assets.xcassets */; };
		CD200B4F23E3885700629E73 /* LaunchScreen.storyboard in Resources */ = {isa = PBXBuildFile; fileRef = CD200B4D23E3885700629E73 /* LaunchScreen.storyboard */; };
		CD200B5A23E3885800629E73 /* Alter_EcoTests.swift in Sources */ = {isa = PBXBuildFile; fileRef = CD200B5923E3885800629E73 /* Alter_EcoTests.swift */; };
		CD200B6523E3885800629E73 /* Alter_EcoUITests.swift in Sources */ = {isa = PBXBuildFile; fileRef = CD200B6423E3885800629E73 /* Alter_EcoUITests.swift */; };
		CDBF3C9423EB0AF0008046F9 /* SQLite.framework in Frameworks */ = {isa = PBXBuildFile; fileRef = CDBF3C9323EB0AF0008046F9 /* SQLite.framework */; };
		CDBF3C9523EB0AF0008046F9 /* SQLite.framework in Embed Frameworks */ = {isa = PBXBuildFile; fileRef = CDBF3C9323EB0AF0008046F9 /* SQLite.framework */; settings = {ATTRIBUTES = (CodeSignOnCopy, RemoveHeadersOnCopy, ); }; };
		CDBF3C9623EB0AFA008046F9 /* libsqlite3.0.tbd in Frameworks */ = {isa = PBXBuildFile; fileRef = CDBF3C8E23EB05F0008046F9 /* libsqlite3.0.tbd */; };
		CDBF3C9723EB0AFA008046F9 /* libsqlite3.tbd in Frameworks */ = {isa = PBXBuildFile; fileRef = CDBF3C8D23EB05E1008046F9 /* libsqlite3.tbd */; };
/* End PBXBuildFile section */

/* Begin PBXContainerItemProxy section */
		CD200B5623E3885800629E73 /* PBXContainerItemProxy */ = {
			isa = PBXContainerItemProxy;
			containerPortal = CD200B3723E3885100629E73 /* Project object */;
			proxyType = 1;
			remoteGlobalIDString = CD200B3E23E3885100629E73;
			remoteInfo = "Alter Eco";
		};
		CD200B6123E3885800629E73 /* PBXContainerItemProxy */ = {
			isa = PBXContainerItemProxy;
			containerPortal = CD200B3723E3885100629E73 /* Project object */;
			proxyType = 1;
			remoteGlobalIDString = CD200B3E23E3885100629E73;
			remoteInfo = "Alter Eco";
		};
/* End PBXContainerItemProxy section */

/* Begin PBXCopyFilesBuildPhase section */
		CDBF3C8C23EB05D2008046F9 /* Embed Frameworks */ = {
			isa = PBXCopyFilesBuildPhase;
			buildActionMask = 2147483647;
			dstPath = "";
			dstSubfolderSpec = 10;
			files = (
				CDBF3C9523EB0AF0008046F9 /* SQLite.framework in Embed Frameworks */,
			);
			name = "Embed Frameworks";
			runOnlyForDeploymentPostprocessing = 0;
		};
/* End PBXCopyFilesBuildPhase section */

/* Begin PBXFileReference section */
		57453FCC23E97FDF00F86F66 /* DetailView.swift */ = {isa = PBXFileReference; fileEncoding = 4; lastKnownFileType = sourcecode.swift; path = DetailView.swift; sourceTree = "<group>"; };
		57453FCE23E97FEF00F86F66 /* SplashScreen.swift */ = {isa = PBXFileReference; fileEncoding = 4; lastKnownFileType = sourcecode.swift; path = SplashScreen.swift; sourceTree = "<group>"; };
		CD200B3F23E3885100629E73 /* Alter Eco.app */ = {isa = PBXFileReference; explicitFileType = wrapper.application; includeInIndex = 0; path = "Alter Eco.app"; sourceTree = BUILT_PRODUCTS_DIR; };
		CD200B4223E3885100629E73 /* AppDelegate.swift */ = {isa = PBXFileReference; lastKnownFileType = sourcecode.swift; path = AppDelegate.swift; sourceTree = "<group>"; };
		CD200B4423E3885100629E73 /* SceneDelegate.swift */ = {isa = PBXFileReference; lastKnownFileType = sourcecode.swift; path = SceneDelegate.swift; sourceTree = "<group>"; };
		CD200B4623E3885100629E73 /* ContentView.swift */ = {isa = PBXFileReference; lastKnownFileType = sourcecode.swift; path = ContentView.swift; sourceTree = "<group>"; };
		CD200B4823E3885700629E73 /* Assets.xcassets */ = {isa = PBXFileReference; lastKnownFileType = folder.assetcatalog; path = Assets.xcassets; sourceTree = "<group>"; };
		CD200B4B23E3885700629E73 /* Preview Assets.xcassets */ = {isa = PBXFileReference; lastKnownFileType = folder.assetcatalog; path = "Preview Assets.xcassets"; sourceTree = "<group>"; };
		CD200B4E23E3885700629E73 /* Base */ = {isa = PBXFileReference; lastKnownFileType = file.storyboard; name = Base; path = Base.lproj/LaunchScreen.storyboard; sourceTree = "<group>"; };
		CD200B5023E3885700629E73 /* Info.plist */ = {isa = PBXFileReference; lastKnownFileType = text.plist.xml; path = Info.plist; sourceTree = "<group>"; };
		CD200B5523E3885800629E73 /* Alter EcoTests.xctest */ = {isa = PBXFileReference; explicitFileType = wrapper.cfbundle; includeInIndex = 0; path = "Alter EcoTests.xctest"; sourceTree = BUILT_PRODUCTS_DIR; };
		CD200B5923E3885800629E73 /* Alter_EcoTests.swift */ = {isa = PBXFileReference; lastKnownFileType = sourcecode.swift; path = Alter_EcoTests.swift; sourceTree = "<group>"; };
		CD200B5B23E3885800629E73 /* Info.plist */ = {isa = PBXFileReference; lastKnownFileType = text.plist.xml; path = Info.plist; sourceTree = "<group>"; };
		CD200B6023E3885800629E73 /* Alter EcoUITests.xctest */ = {isa = PBXFileReference; explicitFileType = wrapper.cfbundle; includeInIndex = 0; path = "Alter EcoUITests.xctest"; sourceTree = BUILT_PRODUCTS_DIR; };
		CD200B6423E3885800629E73 /* Alter_EcoUITests.swift */ = {isa = PBXFileReference; lastKnownFileType = sourcecode.swift; path = Alter_EcoUITests.swift; sourceTree = "<group>"; };
		CD200B6623E3885800629E73 /* Info.plist */ = {isa = PBXFileReference; lastKnownFileType = text.plist.xml; path = Info.plist; sourceTree = "<group>"; };
		CDBF3C8D23EB05E1008046F9 /* libsqlite3.tbd */ = {isa = PBXFileReference; lastKnownFileType = "sourcecode.text-based-dylib-definition"; name = libsqlite3.tbd; path = usr/lib/libsqlite3.tbd; sourceTree = SDKROOT; };
		CDBF3C8E23EB05F0008046F9 /* libsqlite3.0.tbd */ = {isa = PBXFileReference; lastKnownFileType = "sourcecode.text-based-dylib-definition"; name = libsqlite3.0.tbd; path = usr/lib/libsqlite3.0.tbd; sourceTree = SDKROOT; };
		CDBF3C9323EB0AF0008046F9 /* SQLite.framework */ = {isa = PBXFileReference; lastKnownFileType = wrapper.framework; name = SQLite.framework; path = Carthage/Build/iOS/SQLite.framework; sourceTree = "<group>"; };
/* End PBXFileReference section */

/* Begin PBXFrameworksBuildPhase section */
		CD200B3C23E3885100629E73 /* Frameworks */ = {
			isa = PBXFrameworksBuildPhase;
			buildActionMask = 2147483647;
			files = (
				CDBF3C9723EB0AFA008046F9 /* libsqlite3.tbd in Frameworks */,
				CDBF3C9623EB0AFA008046F9 /* libsqlite3.0.tbd in Frameworks */,
				CDBF3C9423EB0AF0008046F9 /* SQLite.framework in Frameworks */,
			);
			runOnlyForDeploymentPostprocessing = 0;
		};
		CD200B5223E3885800629E73 /* Frameworks */ = {
			isa = PBXFrameworksBuildPhase;
			buildActionMask = 2147483647;
			files = (
			);
			runOnlyForDeploymentPostprocessing = 0;
		};
		CD200B5D23E3885800629E73 /* Frameworks */ = {
			isa = PBXFrameworksBuildPhase;
			buildActionMask = 2147483647;
			files = (
			);
			runOnlyForDeploymentPostprocessing = 0;
		};
/* End PBXFrameworksBuildPhase section */

/* Begin PBXGroup section */
		CD200B3623E3885100629E73 = {
			isa = PBXGroup;
			children = (
				CD200B4123E3885100629E73 /* Alter Eco */,
				CD200B5823E3885800629E73 /* Alter EcoTests */,
				CD200B6323E3885800629E73 /* Alter EcoUITests */,
				CD200B4023E3885100629E73 /* Products */,
				CDBF3C8823EB05D1008046F9 /* Frameworks */,
			);
			sourceTree = "<group>";
		};
		CD200B4023E3885100629E73 /* Products */ = {
			isa = PBXGroup;
			children = (
				CD200B3F23E3885100629E73 /* Alter Eco.app */,
				CD200B5523E3885800629E73 /* Alter EcoTests.xctest */,
				CD200B6023E3885800629E73 /* Alter EcoUITests.xctest */,
			);
			name = Products;
			sourceTree = "<group>";
		};
		CD200B4123E3885100629E73 /* Alter Eco */ = {
			isa = PBXGroup;
			children = (
				CD200B4223E3885100629E73 /* AppDelegate.swift */,
				57453FCC23E97FDF00F86F66 /* DetailView.swift */,
				57453FCE23E97FEF00F86F66 /* SplashScreen.swift */,
				CD200B4423E3885100629E73 /* SceneDelegate.swift */,
				CD200B4623E3885100629E73 /* ContentView.swift */,
				CD200B4823E3885700629E73 /* Assets.xcassets */,
				CD200B4D23E3885700629E73 /* LaunchScreen.storyboard */,
				CD200B5023E3885700629E73 /* Info.plist */,
				CD200B4A23E3885700629E73 /* Preview Content */,
			);
			path = "Alter Eco";
			sourceTree = "<group>";
		};
		CD200B4A23E3885700629E73 /* Preview Content */ = {
			isa = PBXGroup;
			children = (
				CD200B4B23E3885700629E73 /* Preview Assets.xcassets */,
			);
			path = "Preview Content";
			sourceTree = "<group>";
		};
		CD200B5823E3885800629E73 /* Alter EcoTests */ = {
			isa = PBXGroup;
			children = (
				CD200B5923E3885800629E73 /* Alter_EcoTests.swift */,
				CD200B5B23E3885800629E73 /* Info.plist */,
			);
			path = "Alter EcoTests";
			sourceTree = "<group>";
		};
		CD200B6323E3885800629E73 /* Alter EcoUITests */ = {
			isa = PBXGroup;
			children = (
				CD200B6423E3885800629E73 /* Alter_EcoUITests.swift */,
				CD200B6623E3885800629E73 /* Info.plist */,
			);
			path = "Alter EcoUITests";
			sourceTree = "<group>";
		};
		CDBF3C8823EB05D1008046F9 /* Frameworks */ = {
			isa = PBXGroup;
			children = (
				CDBF3C9323EB0AF0008046F9 /* SQLite.framework */,
				CDBF3C8E23EB05F0008046F9 /* libsqlite3.0.tbd */,
				CDBF3C8D23EB05E1008046F9 /* libsqlite3.tbd */,
			);
			name = Frameworks;
			sourceTree = "<group>";
		};
/* End PBXGroup section */

/* Begin PBXNativeTarget section */
		CD200B3E23E3885100629E73 /* Alter Eco */ = {
			isa = PBXNativeTarget;
			buildConfigurationList = CD200B6923E3885800629E73 /* Build configuration list for PBXNativeTarget "Alter Eco" */;
			buildPhases = (
				CD200B3B23E3885100629E73 /* Sources */,
				CD200B3C23E3885100629E73 /* Frameworks */,
				CD200B3D23E3885100629E73 /* Resources */,
				CDBF3C8C23EB05D2008046F9 /* Embed Frameworks */,
			);
			buildRules = (
			);
			dependencies = (
			);
			name = "Alter Eco";
			productName = "Alter Eco";
			productReference = CD200B3F23E3885100629E73 /* Alter Eco.app */;
			productType = "com.apple.product-type.application";
		};
		CD200B5423E3885800629E73 /* Alter EcoTests */ = {
			isa = PBXNativeTarget;
			buildConfigurationList = CD200B6C23E3885800629E73 /* Build configuration list for PBXNativeTarget "Alter EcoTests" */;
			buildPhases = (
				CD200B5123E3885800629E73 /* Sources */,
				CD200B5223E3885800629E73 /* Frameworks */,
				CD200B5323E3885800629E73 /* Resources */,
			);
			buildRules = (
			);
			dependencies = (
				CD200B5723E3885800629E73 /* PBXTargetDependency */,
			);
			name = "Alter EcoTests";
			productName = "Alter EcoTests";
			productReference = CD200B5523E3885800629E73 /* Alter EcoTests.xctest */;
			productType = "com.apple.product-type.bundle.unit-test";
		};
		CD200B5F23E3885800629E73 /* Alter EcoUITests */ = {
			isa = PBXNativeTarget;
			buildConfigurationList = CD200B6F23E3885800629E73 /* Build configuration list for PBXNativeTarget "Alter EcoUITests" */;
			buildPhases = (
				CD200B5C23E3885800629E73 /* Sources */,
				CD200B5D23E3885800629E73 /* Frameworks */,
				CD200B5E23E3885800629E73 /* Resources */,
			);
			buildRules = (
			);
			dependencies = (
				CD200B6223E3885800629E73 /* PBXTargetDependency */,
			);
			name = "Alter EcoUITests";
			productName = "Alter EcoUITests";
			productReference = CD200B6023E3885800629E73 /* Alter EcoUITests.xctest */;
			productType = "com.apple.product-type.bundle.ui-testing";
		};
/* End PBXNativeTarget section */

/* Begin PBXProject section */
		CD200B3723E3885100629E73 /* Project object */ = {
			isa = PBXProject;
			attributes = {
				LastSwiftUpdateCheck = 1130;
				LastUpgradeCheck = 1130;
				ORGANIZATIONNAME = "Imperial College London";
				TargetAttributes = {
					CD200B3E23E3885100629E73 = {
						CreatedOnToolsVersion = 11.3;
					};
					CD200B5423E3885800629E73 = {
						CreatedOnToolsVersion = 11.3;
						TestTargetID = CD200B3E23E3885100629E73;
					};
					CD200B5F23E3885800629E73 = {
						CreatedOnToolsVersion = 11.3;
						TestTargetID = CD200B3E23E3885100629E73;
					};
				};
			};
			buildConfigurationList = CD200B3A23E3885100629E73 /* Build configuration list for PBXProject "Alter Eco" */;
			compatibilityVersion = "Xcode 9.3";
			developmentRegion = en;
			hasScannedForEncodings = 0;
			knownRegions = (
				en,
				Base,
			);
			mainGroup = CD200B3623E3885100629E73;
			productRefGroup = CD200B4023E3885100629E73 /* Products */;
			projectDirPath = "";
			projectRoot = "";
			targets = (
				CD200B3E23E3885100629E73 /* Alter Eco */,
				CD200B5423E3885800629E73 /* Alter EcoTests */,
				CD200B5F23E3885800629E73 /* Alter EcoUITests */,
			);
		};
/* End PBXProject section */

/* Begin PBXResourcesBuildPhase section */
		CD200B3D23E3885100629E73 /* Resources */ = {
			isa = PBXResourcesBuildPhase;
			buildActionMask = 2147483647;
			files = (
				CD200B4F23E3885700629E73 /* LaunchScreen.storyboard in Resources */,
				CD200B4C23E3885700629E73 /* Preview Assets.xcassets in Resources */,
				CD200B4923E3885700629E73 /* Assets.xcassets in Resources */,
			);
			runOnlyForDeploymentPostprocessing = 0;
		};
		CD200B5323E3885800629E73 /* Resources */ = {
			isa = PBXResourcesBuildPhase;
			buildActionMask = 2147483647;
			files = (
			);
			runOnlyForDeploymentPostprocessing = 0;
		};
		CD200B5E23E3885800629E73 /* Resources */ = {
			isa = PBXResourcesBuildPhase;
			buildActionMask = 2147483647;
			files = (
			);
			runOnlyForDeploymentPostprocessing = 0;
		};
/* End PBXResourcesBuildPhase section */

/* Begin PBXSourcesBuildPhase section */
		CD200B3B23E3885100629E73 /* Sources */ = {
			isa = PBXSourcesBuildPhase;
			buildActionMask = 2147483647;
			files = (
				CD200B4323E3885100629E73 /* AppDelegate.swift in Sources */,
				57453FCD23E97FDF00F86F66 /* DetailView.swift in Sources */,
				CD200B4523E3885100629E73 /* SceneDelegate.swift in Sources */,
				57453FCF23E97FEF00F86F66 /* SplashScreen.swift in Sources */,
				CD200B4723E3885100629E73 /* ContentView.swift in Sources */,
			);
			runOnlyForDeploymentPostprocessing = 0;
		};
		CD200B5123E3885800629E73 /* Sources */ = {
			isa = PBXSourcesBuildPhase;
			buildActionMask = 2147483647;
			files = (
				CD200B5A23E3885800629E73 /* Alter_EcoTests.swift in Sources */,
			);
			runOnlyForDeploymentPostprocessing = 0;
		};
		CD200B5C23E3885800629E73 /* Sources */ = {
			isa = PBXSourcesBuildPhase;
			buildActionMask = 2147483647;
			files = (
				CD200B6523E3885800629E73 /* Alter_EcoUITests.swift in Sources */,
			);
			runOnlyForDeploymentPostprocessing = 0;
		};
/* End PBXSourcesBuildPhase section */

/* Begin PBXTargetDependency section */
		CD200B5723E3885800629E73 /* PBXTargetDependency */ = {
			isa = PBXTargetDependency;
			target = CD200B3E23E3885100629E73 /* Alter Eco */;
			targetProxy = CD200B5623E3885800629E73 /* PBXContainerItemProxy */;
		};
		CD200B6223E3885800629E73 /* PBXTargetDependency */ = {
			isa = PBXTargetDependency;
			target = CD200B3E23E3885100629E73 /* Alter Eco */;
			targetProxy = CD200B6123E3885800629E73 /* PBXContainerItemProxy */;
		};
/* End PBXTargetDependency section */

/* Begin PBXVariantGroup section */
		CD200B4D23E3885700629E73 /* LaunchScreen.storyboard */ = {
			isa = PBXVariantGroup;
			children = (
				CD200B4E23E3885700629E73 /* Base */,
			);
			name = LaunchScreen.storyboard;
			sourceTree = "<group>";
		};
/* End PBXVariantGroup section */

/* Begin XCBuildConfiguration section */
		CD200B6723E3885800629E73 /* Debug */ = {
			isa = XCBuildConfiguration;
			buildSettings = {
				ALWAYS_SEARCH_USER_PATHS = NO;
				CLANG_ANALYZER_NONNULL = YES;
				CLANG_ANALYZER_NUMBER_OBJECT_CONVERSION = YES_AGGRESSIVE;
				CLANG_CXX_LANGUAGE_STANDARD = "gnu++14";
				CLANG_CXX_LIBRARY = "libc++";
				CLANG_ENABLE_MODULES = YES;
				CLANG_ENABLE_OBJC_ARC = YES;
				CLANG_ENABLE_OBJC_WEAK = YES;
				CLANG_WARN_BLOCK_CAPTURE_AUTORELEASING = YES;
				CLANG_WARN_BOOL_CONVERSION = YES;
				CLANG_WARN_COMMA = YES;
				CLANG_WARN_CONSTANT_CONVERSION = YES;
				CLANG_WARN_DEPRECATED_OBJC_IMPLEMENTATIONS = YES;
				CLANG_WARN_DIRECT_OBJC_ISA_USAGE = YES_ERROR;
				CLANG_WARN_DOCUMENTATION_COMMENTS = YES;
				CLANG_WARN_EMPTY_BODY = YES;
				CLANG_WARN_ENUM_CONVERSION = YES;
				CLANG_WARN_INFINITE_RECURSION = YES;
				CLANG_WARN_INT_CONVERSION = YES;
				CLANG_WARN_NON_LITERAL_NULL_CONVERSION = YES;
				CLANG_WARN_OBJC_IMPLICIT_RETAIN_SELF = YES;
				CLANG_WARN_OBJC_LITERAL_CONVERSION = YES;
				CLANG_WARN_OBJC_ROOT_CLASS = YES_ERROR;
				CLANG_WARN_RANGE_LOOP_ANALYSIS = YES;
				CLANG_WARN_STRICT_PROTOTYPES = YES;
				CLANG_WARN_SUSPICIOUS_MOVE = YES;
				CLANG_WARN_UNGUARDED_AVAILABILITY = YES_AGGRESSIVE;
				CLANG_WARN_UNREACHABLE_CODE = YES;
				CLANG_WARN__DUPLICATE_METHOD_MATCH = YES;
				COPY_PHASE_STRIP = NO;
				DEBUG_INFORMATION_FORMAT = dwarf;
				ENABLE_STRICT_OBJC_MSGSEND = YES;
				ENABLE_TESTABILITY = YES;
				GCC_C_LANGUAGE_STANDARD = gnu11;
				GCC_DYNAMIC_NO_PIC = NO;
				GCC_NO_COMMON_BLOCKS = YES;
				GCC_OPTIMIZATION_LEVEL = 0;
				GCC_PREPROCESSOR_DEFINITIONS = (
					"DEBUG=1",
					"$(inherited)",
				);
				GCC_WARN_64_TO_32_BIT_CONVERSION = YES;
				GCC_WARN_ABOUT_RETURN_TYPE = YES_ERROR;
				GCC_WARN_UNDECLARED_SELECTOR = YES;
				GCC_WARN_UNINITIALIZED_AUTOS = YES_AGGRESSIVE;
				GCC_WARN_UNUSED_FUNCTION = YES;
				GCC_WARN_UNUSED_VARIABLE = YES;
				IPHONEOS_DEPLOYMENT_TARGET = 13.2;
				MTL_ENABLE_DEBUG_INFO = INCLUDE_SOURCE;
				MTL_FAST_MATH = YES;
				ONLY_ACTIVE_ARCH = YES;
				SDKROOT = iphoneos;
				SWIFT_ACTIVE_COMPILATION_CONDITIONS = DEBUG;
				SWIFT_OPTIMIZATION_LEVEL = "-Onone";
			};
			name = Debug;
		};
		CD200B6823E3885800629E73 /* Release */ = {
			isa = XCBuildConfiguration;
			buildSettings = {
				ALWAYS_SEARCH_USER_PATHS = NO;
				CLANG_ANALYZER_NONNULL = YES;
				CLANG_ANALYZER_NUMBER_OBJECT_CONVERSION = YES_AGGRESSIVE;
				CLANG_CXX_LANGUAGE_STANDARD = "gnu++14";
				CLANG_CXX_LIBRARY = "libc++";
				CLANG_ENABLE_MODULES = YES;
				CLANG_ENABLE_OBJC_ARC = YES;
				CLANG_ENABLE_OBJC_WEAK = YES;
				CLANG_WARN_BLOCK_CAPTURE_AUTORELEASING = YES;
				CLANG_WARN_BOOL_CONVERSION = YES;
				CLANG_WARN_COMMA = YES;
				CLANG_WARN_CONSTANT_CONVERSION = YES;
				CLANG_WARN_DEPRECATED_OBJC_IMPLEMENTATIONS = YES;
				CLANG_WARN_DIRECT_OBJC_ISA_USAGE = YES_ERROR;
				CLANG_WARN_DOCUMENTATION_COMMENTS = YES;
				CLANG_WARN_EMPTY_BODY = YES;
				CLANG_WARN_ENUM_CONVERSION = YES;
				CLANG_WARN_INFINITE_RECURSION = YES;
				CLANG_WARN_INT_CONVERSION = YES;
				CLANG_WARN_NON_LITERAL_NULL_CONVERSION = YES;
				CLANG_WARN_OBJC_IMPLICIT_RETAIN_SELF = YES;
				CLANG_WARN_OBJC_LITERAL_CONVERSION = YES;
				CLANG_WARN_OBJC_ROOT_CLASS = YES_ERROR;
				CLANG_WARN_RANGE_LOOP_ANALYSIS = YES;
				CLANG_WARN_STRICT_PROTOTYPES = YES;
				CLANG_WARN_SUSPICIOUS_MOVE = YES;
				CLANG_WARN_UNGUARDED_AVAILABILITY = YES_AGGRESSIVE;
				CLANG_WARN_UNREACHABLE_CODE = YES;
				CLANG_WARN__DUPLICATE_METHOD_MATCH = YES;
				COPY_PHASE_STRIP = NO;
				DEBUG_INFORMATION_FORMAT = "dwarf-with-dsym";
				ENABLE_NS_ASSERTIONS = NO;
				ENABLE_STRICT_OBJC_MSGSEND = YES;
				GCC_C_LANGUAGE_STANDARD = gnu11;
				GCC_NO_COMMON_BLOCKS = YES;
				GCC_WARN_64_TO_32_BIT_CONVERSION = YES;
				GCC_WARN_ABOUT_RETURN_TYPE = YES_ERROR;
				GCC_WARN_UNDECLARED_SELECTOR = YES;
				GCC_WARN_UNINITIALIZED_AUTOS = YES_AGGRESSIVE;
				GCC_WARN_UNUSED_FUNCTION = YES;
				GCC_WARN_UNUSED_VARIABLE = YES;
				IPHONEOS_DEPLOYMENT_TARGET = 13.2;
				MTL_ENABLE_DEBUG_INFO = NO;
				MTL_FAST_MATH = YES;
				SDKROOT = iphoneos;
				SWIFT_COMPILATION_MODE = wholemodule;
				SWIFT_OPTIMIZATION_LEVEL = "-O";
				VALIDATE_PRODUCT = YES;
			};
			name = Release;
		};
		CD200B6A23E3885800629E73 /* Debug */ = {
			isa = XCBuildConfiguration;
			buildSettings = {
				ASSETCATALOG_COMPILER_APPICON_NAME = AppIcon;
				CODE_SIGN_STYLE = Automatic;
				DEVELOPMENT_ASSET_PATHS = "\"Alter Eco/Preview Content\"";
				DEVELOPMENT_TEAM = 88749UX665;
				ENABLE_PREVIEWS = YES;
				FRAMEWORK_SEARCH_PATHS = (
					"$(inherited)",
					"$(PROJECT_DIR)/Carthage/Build/iOS",
				);
				INFOPLIST_FILE = "Alter Eco/Info.plist";
				LD_RUNPATH_SEARCH_PATHS = (
					"$(inherited)",
					"@executable_path/Frameworks",
				);
				PRODUCT_BUNDLE_IDENTIFIER = "ahwfh-se-ofAlter-Eco";
				PRODUCT_NAME = "$(TARGET_NAME)";
				SWIFT_VERSION = 5.0;
				TARGETED_DEVICE_FAMILY = "1,2";
			};
			name = Debug;
		};
		CD200B6B23E3885800629E73 /* Release */ = {
			isa = XCBuildConfiguration;
			buildSettings = {
				ASSETCATALOG_COMPILER_APPICON_NAME = AppIcon;
				CODE_SIGN_STYLE = Automatic;
				DEVELOPMENT_ASSET_PATHS = "\"Alter Eco/Preview Content\"";
				DEVELOPMENT_TEAM = 88749UX665;
				ENABLE_PREVIEWS = YES;
				FRAMEWORK_SEARCH_PATHS = (
					"$(inherited)",
					"$(PROJECT_DIR)/Carthage/Build/iOS",
				);
				INFOPLIST_FILE = "Alter Eco/Info.plist";
				LD_RUNPATH_SEARCH_PATHS = (
					"$(inherited)",
					"@executable_path/Frameworks",
				);
				PRODUCT_BUNDLE_IDENTIFIER = "ahwfh-se-ofAlter-Eco";
				PRODUCT_NAME = "$(TARGET_NAME)";
				SWIFT_VERSION = 5.0;
				TARGETED_DEVICE_FAMILY = "1,2";
			};
			name = Release;
		};
		CD200B6D23E3885800629E73 /* Debug */ = {
			isa = XCBuildConfiguration;
			buildSettings = {
				ALWAYS_EMBED_SWIFT_STANDARD_LIBRARIES = YES;
				BUNDLE_LOADER = "$(TEST_HOST)";
				CODE_SIGN_STYLE = Automatic;
				INFOPLIST_FILE = "Alter EcoTests/Info.plist";
				IPHONEOS_DEPLOYMENT_TARGET = 13.2;
				LD_RUNPATH_SEARCH_PATHS = (
					"$(inherited)",
					"@executable_path/Frameworks",
					"@loader_path/Frameworks",
				);
				PRODUCT_BUNDLE_IDENTIFIER = "yourcompany.com.Alter-EcoTests";
				PRODUCT_NAME = "$(TARGET_NAME)";
				SWIFT_VERSION = 5.0;
				TARGETED_DEVICE_FAMILY = "1,2";
				TEST_HOST = "$(BUILT_PRODUCTS_DIR)/Alter Eco.app/Alter Eco";
			};
			name = Debug;
		};
		CD200B6E23E3885800629E73 /* Release */ = {
			isa = XCBuildConfiguration;
			buildSettings = {
				ALWAYS_EMBED_SWIFT_STANDARD_LIBRARIES = YES;
				BUNDLE_LOADER = "$(TEST_HOST)";
				CODE_SIGN_STYLE = Automatic;
				INFOPLIST_FILE = "Alter EcoTests/Info.plist";
				IPHONEOS_DEPLOYMENT_TARGET = 13.2;
				LD_RUNPATH_SEARCH_PATHS = (
					"$(inherited)",
					"@executable_path/Frameworks",
					"@loader_path/Frameworks",
				);
				PRODUCT_BUNDLE_IDENTIFIER = "yourcompany.com.Alter-EcoTests";
				PRODUCT_NAME = "$(TARGET_NAME)";
				SWIFT_VERSION = 5.0;
				TARGETED_DEVICE_FAMILY = "1,2";
				TEST_HOST = "$(BUILT_PRODUCTS_DIR)/Alter Eco.app/Alter Eco";
			};
			name = Release;
		};
		CD200B7023E3885800629E73 /* Debug */ = {
			isa = XCBuildConfiguration;
			buildSettings = {
				ALWAYS_EMBED_SWIFT_STANDARD_LIBRARIES = YES;
				CODE_SIGN_STYLE = Automatic;
				INFOPLIST_FILE = "Alter EcoUITests/Info.plist";
				LD_RUNPATH_SEARCH_PATHS = (
					"$(inherited)",
					"@executable_path/Frameworks",
					"@loader_path/Frameworks",
				);
				PRODUCT_BUNDLE_IDENTIFIER = "yourcompany.com.Alter-EcoUITests";
				PRODUCT_NAME = "$(TARGET_NAME)";
				SWIFT_VERSION = 5.0;
				TARGETED_DEVICE_FAMILY = "1,2";
				TEST_TARGET_NAME = "Alter Eco";
			};
			name = Debug;
		};
		CD200B7123E3885800629E73 /* Release */ = {
			isa = XCBuildConfiguration;
			buildSettings = {
				ALWAYS_EMBED_SWIFT_STANDARD_LIBRARIES = YES;
				CODE_SIGN_STYLE = Automatic;
				INFOPLIST_FILE = "Alter EcoUITests/Info.plist";
				LD_RUNPATH_SEARCH_PATHS = (
					"$(inherited)",
					"@executable_path/Frameworks",
					"@loader_path/Frameworks",
				);
				PRODUCT_BUNDLE_IDENTIFIER = "yourcompany.com.Alter-EcoUITests";
				PRODUCT_NAME = "$(TARGET_NAME)";
				SWIFT_VERSION = 5.0;
				TARGETED_DEVICE_FAMILY = "1,2";
				TEST_TARGET_NAME = "Alter Eco";
			};
			name = Release;
		};
/* End XCBuildConfiguration section */

/* Begin XCConfigurationList section */
		CD200B3A23E3885100629E73 /* Build configuration list for PBXProject "Alter Eco" */ = {
			isa = XCConfigurationList;
			buildConfigurations = (
				CD200B6723E3885800629E73 /* Debug */,
				CD200B6823E3885800629E73 /* Release */,
			);
			defaultConfigurationIsVisible = 0;
			defaultConfigurationName = Release;
		};
		CD200B6923E3885800629E73 /* Build configuration list for PBXNativeTarget "Alter Eco" */ = {
			isa = XCConfigurationList;
			buildConfigurations = (
				CD200B6A23E3885800629E73 /* Debug */,
				CD200B6B23E3885800629E73 /* Release */,
			);
			defaultConfigurationIsVisible = 0;
			defaultConfigurationName = Release;
		};
		CD200B6C23E3885800629E73 /* Build configuration list for PBXNativeTarget "Alter EcoTests" */ = {
			isa = XCConfigurationList;
			buildConfigurations = (
				CD200B6D23E3885800629E73 /* Debug */,
				CD200B6E23E3885800629E73 /* Release */,
			);
			defaultConfigurationIsVisible = 0;
			defaultConfigurationName = Release;
		};
		CD200B6F23E3885800629E73 /* Build configuration list for PBXNativeTarget "Alter EcoUITests" */ = {
			isa = XCConfigurationList;
			buildConfigurations = (
				CD200B7023E3885800629E73 /* Debug */,
				CD200B7123E3885800629E73 /* Release */,
			);
			defaultConfigurationIsVisible = 0;
			defaultConfigurationName = Release;
		};
/* End XCConfigurationList section */
	};
	rootObject = CD200B3723E3885100629E73 /* Project object */;
}
