// !$*UTF8*$!
{
	archiveVersion = 1;
	classes = {
	};
	objectVersion = 50;
	objects = {

/* Begin PBXBuildFile section */
		2186E159242FB3EC00FD9B5F /* ProfileView.swift in Sources */ = {isa = PBXBuildFile; fileRef = 2186E158242FB3EC00FD9B5F /* ProfileView.swift */; };
		2186E15B242FB41000FD9B5F /* ImagePicker.swift in Sources */ = {isa = PBXBuildFile; fileRef = 2186E15A242FB41000FD9B5F /* ImagePicker.swift */; };
		552BB1D424448D2A0010EF6B /* ComparisonView.swift in Sources */ = {isa = PBXBuildFile; fileRef = 552BB1D324448D2A0010EF6B /* ComparisonView.swift */; };
		55C85C5B243CB879006AD075 /* PrivacyInfoView.swift in Sources */ = {isa = PBXBuildFile; fileRef = 55C85C5A243CB879006AD075 /* PrivacyInfoView.swift */; };
		55DA632B242AC557002CCD07 /* Assets.xcassets in Resources */ = {isa = PBXBuildFile; fileRef = 55DA632A242AC557002CCD07 /* Assets.xcassets */; };
		573693832438F85F00992BB0 /* TransportBarChartViewModel.swift in Sources */ = {isa = PBXBuildFile; fileRef = 573693822438F85F00992BB0 /* TransportBarChartViewModel.swift */; };
		9C17CA8424323D1D00378A67 /* WalkToHeathrowAirport.gpx in Resources */ = {isa = PBXBuildFile; fileRef = 9C17CA7C24323D1C00378A67 /* WalkToHeathrowAirport.gpx */; };
		9C17CA8724323D1D00378A67 /* KingsCrossToUCL.gpx in Resources */ = {isa = PBXBuildFile; fileRef = 9C17CA7F24323D1C00378A67 /* KingsCrossToUCL.gpx */; };
		9C17CA8824323D1D00378A67 /* CarToParisCDGToMilanLIN.gpx in Resources */ = {isa = PBXBuildFile; fileRef = 9C17CA8024323D1C00378A67 /* CarToParisCDGToMilanLIN.gpx */; };
		9C17CA8924323D1D00378A67 /* CarTripToHeathrowAirport.gpx in Resources */ = {isa = PBXBuildFile; fileRef = 9C17CA8124323D1C00378A67 /* CarTripToHeathrowAirport.gpx */; };
		9C87AE27244215FB00490481 /* CoreDataManager.swift in Sources */ = {isa = PBXBuildFile; fileRef = 9C87AE26244215FB00490481 /* CoreDataManager.swift */; };
		9C87AE292442408F00490481 /* ActivityList.swift in Sources */ = {isa = PBXBuildFile; fileRef = 9C87AE282442408F00490481 /* ActivityList.swift */; };
		9CD594202429686900B1D0B4 /* SouthKensingtonStation.gpx in Resources */ = {isa = PBXBuildFile; fileRef = 9CD594182429686900B1D0B4 /* SouthKensingtonStation.gpx */; };
		9CD594222429686900B1D0B4 /* SKToVictoria_car_30kmh.gpx in Resources */ = {isa = PBXBuildFile; fileRef = 9CD5941A2429686900B1D0B4 /* SKToVictoria_car_30kmh.gpx */; };
		9CD594232429686900B1D0B4 /* SplashScreen.swift in Sources */ = {isa = PBXBuildFile; fileRef = 9CD5941B2429686900B1D0B4 /* SplashScreen.swift */; };
		9CD594262429686900B1D0B4 /* WalkToSupermarket.gpx in Resources */ = {isa = PBXBuildFile; fileRef = 9CD5941E2429686900B1D0B4 /* WalkToSupermarket.gpx */; };
		9CD59435242968DF00B1D0B4 /* BarChart.swift in Sources */ = {isa = PBXBuildFile; fileRef = 9CD59429242968DE00B1D0B4 /* BarChart.swift */; };
		9CD59436242968DF00B1D0B4 /* EarlsCourtStation.gpx in Resources */ = {isa = PBXBuildFile; fileRef = 9CD5942A242968DE00B1D0B4 /* EarlsCourtStation.gpx */; };
		9CD59438242968DF00B1D0B4 /* HighlightView.swift in Sources */ = {isa = PBXBuildFile; fileRef = 9CD5942C242968DE00B1D0B4 /* HighlightView.swift */; };
		9CD59439242968DF00B1D0B4 /* ActivityEstimator.swift in Sources */ = {isa = PBXBuildFile; fileRef = 9CD5942D242968DE00B1D0B4 /* ActivityEstimator.swift */; };
		9CD5943A242968DF00B1D0B4 /* TransportView.swift in Sources */ = {isa = PBXBuildFile; fileRef = 9CD5942E242968DE00B1D0B4 /* TransportView.swift */; };
		9CD5943F2429691C00B1D0B4 /* SceneDelegate.swift in Sources */ = {isa = PBXBuildFile; fileRef = 9CD5943E2429691C00B1D0B4 /* SceneDelegate.swift */; };
		9CD594412429691E00B1D0B4 /* ContentView.swift in Sources */ = {isa = PBXBuildFile; fileRef = 9CD594402429691E00B1D0B4 /* ContentView.swift */; };
		9CD594432429692000B1D0B4 /* AppDelegate.swift in Sources */ = {isa = PBXBuildFile; fileRef = 9CD594422429692000B1D0B4 /* AppDelegate.swift */; };
		9CD594472429696D00B1D0B4 /* MeasuredActivity.swift in Sources */ = {isa = PBXBuildFile; fileRef = 9CD594462429696D00B1D0B4 /* MeasuredActivity.swift */; };
		9CD5947B24296DAA00B1D0B4 /* MeasuredActivityTest.swift in Sources */ = {isa = PBXBuildFile; fileRef = 9CD5945624296BB800B1D0B4 /* MeasuredActivityTest.swift */; };
		9CD5947C24296DAD00B1D0B4 /* ActivityEstimatorTest.swift in Sources */ = {isa = PBXBuildFile; fileRef = 9CD5945824296BD100B1D0B4 /* ActivityEstimatorTest.swift */; };
		9CFAF4BC242CE9E7000B75A7 /* DatabaseTest.swift in Sources */ = {isa = PBXBuildFile; fileRef = 9CFAF4BB242CE9E7000B75A7 /* DatabaseTest.swift */; };
		CD200B4C23E3885700629E73 /* Preview Assets.xcassets in Resources */ = {isa = PBXBuildFile; fileRef = CD200B4B23E3885700629E73 /* Preview Assets.xcassets */; };
		DE054C86248EFE3B001B8EB1 /* TestMain.swift in Sources */ = {isa = PBXBuildFile; fileRef = DE054C85248EFE3B001B8EB1 /* TestMain.swift */; };
		DE054C87248EFED4001B8EB1 /* TestMain.swift in Sources */ = {isa = PBXBuildFile; fileRef = DE054C85248EFE3B001B8EB1 /* TestMain.swift */; };
		DE2B027F247EC1D900926935 /* TransportBarChartViewModelTest.swift in Sources */ = {isa = PBXBuildFile; fileRef = DE2B027E247EC1D900926935 /* TransportBarChartViewModelTest.swift */; };
		DE2B0281247ED28C00926935 /* Mocks.swift in Sources */ = {isa = PBXBuildFile; fileRef = DE2B0280247ED28C00926935 /* Mocks.swift */; };
		DE2D583A24A4FD0E00BB14F0 /* UpdatableChart.swift in Sources */ = {isa = PBXBuildFile; fileRef = DE2D583924A4FD0E00BB14F0 /* UpdatableChart.swift */; };
		DE2D583C24A5167D00BB14F0 /* TransportBarChart.swift in Sources */ = {isa = PBXBuildFile; fileRef = DE2D583B24A5167D00BB14F0 /* TransportBarChart.swift */; };
		DE36CC2C24BC80B200825FAE /* SearchableList.swift in Sources */ = {isa = PBXBuildFile; fileRef = DE36CC2B24BC80B200825FAE /* SearchableList.swift */; };
		DE3AC73024ACD73F00D32E54 /* FoodRetrieval.swift in Sources */ = {isa = PBXBuildFile; fileRef = DE3AC72F24ACD73F00D32E54 /* FoodRetrieval.swift */; };
		DE3AC73324ACD76200D32E54 /* FoodToCarbonConversion.swift in Sources */ = {isa = PBXBuildFile; fileRef = DE3AC73224ACD76200D32E54 /* FoodToCarbonConversion.swift */; };
		DE3AC73624ACD78C00D32E54 /* FoodGHGConversion.swift in Sources */ = {isa = PBXBuildFile; fileRef = DE3AC73524ACD78C00D32E54 /* FoodGHGConversion.swift */; };
		DE3AC73924ACD82700D32E54 /* FoodListViewModel.swift in Sources */ = {isa = PBXBuildFile; fileRef = DE3AC73824ACD82700D32E54 /* FoodListViewModel.swift */; };
		DE3AC73B24ACE0E700D32E54 /* BarcodeScanner.swift in Sources */ = {isa = PBXBuildFile; fileRef = DE3AC73A24ACE0E700D32E54 /* BarcodeScanner.swift */; };
		DE3AC73D24ACE15A00D32E54 /* ScannerView.swift in Sources */ = {isa = PBXBuildFile; fileRef = DE3AC73C24ACE15A00D32E54 /* ScannerView.swift */; };
		DE3C10A42447B48000107AF4 /* Timers.swift in Sources */ = {isa = PBXBuildFile; fileRef = DE3C10A32447B48000107AF4 /* Timers.swift */; };
		DE3C10A52447B48000107AF4 /* Timers.swift in Sources */ = {isa = PBXBuildFile; fileRef = DE3C10A32447B48000107AF4 /* Timers.swift */; };
		DE3C10A72447C5A100107AF4 /* Constants.swift in Sources */ = {isa = PBXBuildFile; fileRef = DE3C10A62447C5A100107AF4 /* Constants.swift */; };
		DE3C10A82447C5A100107AF4 /* Constants.swift in Sources */ = {isa = PBXBuildFile; fileRef = DE3C10A62447C5A100107AF4 /* Constants.swift */; };
		DE42485724F14E7A00541B2D /* FoodScannerViewModel.swift in Sources */ = {isa = PBXBuildFile; fileRef = DE42485624F14E7A00541B2D /* FoodScannerViewModel.swift */; };
		DE42485824F14E7A00541B2D /* FoodScannerViewModel.swift in Sources */ = {isa = PBXBuildFile; fileRef = DE42485624F14E7A00541B2D /* FoodScannerViewModel.swift */; };
		DE42485A24F1713000541B2D /* FoodScannerViewModelTest.swift in Sources */ = {isa = PBXBuildFile; fileRef = DE42485924F1713000541B2D /* FoodScannerViewModelTest.swift */; };
		DE42485C24F1BD5A00541B2D /* FoodListViewModelTest.swift in Sources */ = {isa = PBXBuildFile; fileRef = DE42485B24F1BD5A00541B2D /* FoodListViewModelTest.swift */; };
		DE42485D24F1BD6500541B2D /* FoodListViewModel.swift in Sources */ = {isa = PBXBuildFile; fileRef = DE3AC73824ACD82700D32E54 /* FoodListViewModel.swift */; };
		DE42486124F2CA8600541B2D /* FoodToCarbonManagerTest.swift in Sources */ = {isa = PBXBuildFile; fileRef = DE42486024F2CA8600541B2D /* FoodToCarbonManagerTest.swift */; };
		DE42486324F3149400541B2D /* TransportPieChartViewModelTest.swift in Sources */ = {isa = PBXBuildFile; fileRef = DE42486224F3149400541B2D /* TransportPieChartViewModelTest.swift */; };
		DE42486524F31B0E00541B2D /* OpenFoodFacts.swift in Sources */ = {isa = PBXBuildFile; fileRef = DE42486424F31B0E00541B2D /* OpenFoodFacts.swift */; };
		DE42486724F31BE400541B2D /* FoodRetrievalErrorsTest.swift in Sources */ = {isa = PBXBuildFile; fileRef = DE42486624F31BE400541B2D /* FoodRetrievalErrorsTest.swift */; };
		DE42486924F31D4600541B2D /* FoodQuantityTest.swift in Sources */ = {isa = PBXBuildFile; fileRef = DE42486824F31D4600541B2D /* FoodQuantityTest.swift */; };
		DE42486A24F3279400541B2D /* FoodPieChartViewModel.swift in Sources */ = {isa = PBXBuildFile; fileRef = DE5E6E8024E091AB00299047 /* FoodPieChartViewModel.swift */; };
		DE42486C24F327B800541B2D /* FoodPieChartViewModelTest.swift in Sources */ = {isa = PBXBuildFile; fileRef = DE42486B24F327B800541B2D /* FoodPieChartViewModelTest.swift */; };
		DE42486D24F33F0900541B2D /* GameViewModel.swift in Sources */ = {isa = PBXBuildFile; fileRef = DE5E6E7A24E0510100299047 /* GameViewModel.swift */; };
		DE42486F24F33F5500541B2D /* GameViewModelTest.swift in Sources */ = {isa = PBXBuildFile; fileRef = DE42486E24F33F5500541B2D /* GameViewModelTest.swift */; };
		DE5E6E7924DF00CC00299047 /* Database2.0.xcdatamodeld in Sources */ = {isa = PBXBuildFile; fileRef = DE5E6E7724DF00CC00299047 /* Database2.0.xcdatamodeld */; };
		DE5E6E7B24E0510100299047 /* GameViewModel.swift in Sources */ = {isa = PBXBuildFile; fileRef = DE5E6E7A24E0510100299047 /* GameViewModel.swift */; };
		DE5E6E7D24E057F400299047 /* GameItems.swift in Sources */ = {isa = PBXBuildFile; fileRef = DE5E6E7C24E057F400299047 /* GameItems.swift */; };
		DE5E6E7E24E057F400299047 /* GameItems.swift in Sources */ = {isa = PBXBuildFile; fileRef = DE5E6E7C24E057F400299047 /* GameItems.swift */; };
		DE5E6E7F24E0585B00299047 /* Database2.0.xcdatamodeld in Sources */ = {isa = PBXBuildFile; fileRef = DE5E6E7724DF00CC00299047 /* Database2.0.xcdatamodeld */; };
		DE5E6E8124E091AB00299047 /* FoodPieChartViewModel.swift in Sources */ = {isa = PBXBuildFile; fileRef = DE5E6E8024E091AB00299047 /* FoodPieChartViewModel.swift */; };
		DE5E6E8324E092BA00299047 /* TransportPieChartViewModel.swift in Sources */ = {isa = PBXBuildFile; fileRef = DE5E6E8224E092BA00299047 /* TransportPieChartViewModel.swift */; };
		DE5E6E8424E092BA00299047 /* TransportPieChartViewModel.swift in Sources */ = {isa = PBXBuildFile; fileRef = DE5E6E8224E092BA00299047 /* TransportPieChartViewModel.swift */; };
		DE5E6E8524E0C30A00299047 /* WordEmbedding.mlmodel in Sources */ = {isa = PBXBuildFile; fileRef = DE8ECE9B24DE131600641BA4 /* WordEmbedding.mlmodel */; };
		DE74ECF72482E4D10099F944 /* Utils.swift in Sources */ = {isa = PBXBuildFile; fileRef = DE74ECF62482E4D10099F944 /* Utils.swift */; };
		DE77727924523BAD002D28A6 /* LaunchScreen.storyboard in Resources */ = {isa = PBXBuildFile; fileRef = DE77727824523BAD002D28A6 /* LaunchScreen.storyboard */; };
		DE847298247B0D0C00420F9E /* BarWithInfo.swift in Sources */ = {isa = PBXBuildFile; fileRef = DE847297247B0D0C00420F9E /* BarWithInfo.swift */; };
		DE8ECE8124DE0A0100641BA4 /* GameViewController.swift in Sources */ = {isa = PBXBuildFile; fileRef = DE8ECE8024DE0A0100641BA4 /* GameViewController.swift */; };
		DE8ECE8E24DE0AE000641BA4 /* appleTree.scn in Resources */ = {isa = PBXBuildFile; fileRef = DE8ECE8424DE0ADF00641BA4 /* appleTree.scn */; };
		DE8ECE8F24DE0AE000641BA4 /* MainScene.scn in Resources */ = {isa = PBXBuildFile; fileRef = DE8ECE8524DE0ADF00641BA4 /* MainScene.scn */; };
		DE8ECE9024DE0AE000641BA4 /* comicSkyBox.jpg in Resources */ = {isa = PBXBuildFile; fileRef = DE8ECE8624DE0ADF00641BA4 /* comicSkyBox.jpg */; };
		DE8ECE9124DE0AE000641BA4 /* smog.scn in Resources */ = {isa = PBXBuildFile; fileRef = DE8ECE8724DE0ADF00641BA4 /* smog.scn */; };
		DE8ECE9224DE0AE000641BA4 /* Stylized_Grass_002_basecolor.jpg in Resources */ = {isa = PBXBuildFile; fileRef = DE8ECE8824DE0ADF00641BA4 /* Stylized_Grass_002_basecolor.jpg */; };
		DE8ECE9324DE0AE000641BA4 /* Stylized_Grass_002_normal.jpg in Resources */ = {isa = PBXBuildFile; fileRef = DE8ECE8924DE0AE000641BA4 /* Stylized_Grass_002_normal.jpg */; };
		DE8ECE9424DE0AE000641BA4 /* foliage.jpg in Resources */ = {isa = PBXBuildFile; fileRef = DE8ECE8A24DE0AE000641BA4 /* foliage.jpg */; };
		DE8ECE9524DE0AE000641BA4 /* pine.scn in Resources */ = {isa = PBXBuildFile; fileRef = DE8ECE8B24DE0AE000641BA4 /* pine.scn */; };
		DE8ECE9624DE0AE000641BA4 /* roundedTree.scn in Resources */ = {isa = PBXBuildFile; fileRef = DE8ECE8C24DE0AE000641BA4 /* roundedTree.scn */; };
		DE8ECE9724DE0AE000641BA4 /* stem-texture.jpg in Resources */ = {isa = PBXBuildFile; fileRef = DE8ECE8D24DE0AE000641BA4 /* stem-texture.jpg */; };
		DE8ECE9924DE0B5C00641BA4 /* GameView.swift in Sources */ = {isa = PBXBuildFile; fileRef = DE8ECE9824DE0B5C00641BA4 /* GameView.swift */; };
		DE8ECE9D24DE148F00641BA4 /* WordEmbedding.mlmodel in Sources */ = {isa = PBXBuildFile; fileRef = DE8ECE9B24DE131600641BA4 /* WordEmbedding.mlmodel */; };
		DE8F9376249FE8AB002D85E6 /* AwardView.swift in Sources */ = {isa = PBXBuildFile; fileRef = DE8F9375249FE8AB002D85E6 /* AwardView.swift */; };
		DE8F9378249FEAB8002D85E6 /* FoodView.swift in Sources */ = {isa = PBXBuildFile; fileRef = DE8F9377249FEAB8002D85E6 /* FoodView.swift */; };
		DE8F937A249FEF52002D85E6 /* MainBarChart.swift in Sources */ = {isa = PBXBuildFile; fileRef = DE8F9379249FEF52002D85E6 /* MainBarChart.swift */; };
		DE8F937C24A0D0C8002D85E6 /* FoodListView.swift in Sources */ = {isa = PBXBuildFile; fileRef = DE8F937B24A0D0C8002D85E6 /* FoodListView.swift */; };
		DE8F937E24A21639002D85E6 /* PieChart.swift in Sources */ = {isa = PBXBuildFile; fileRef = DE8F937D24A21639002D85E6 /* PieChart.swift */; };
		DE994B882483E03200D3788B /* Title.swift in Sources */ = {isa = PBXBuildFile; fileRef = DE994B872483E03200D3788B /* Title.swift */; };
		DEA0D1D124B5D81C00FFDB00 /* Food.swift in Sources */ = {isa = PBXBuildFile; fileRef = DEA0D1D024B5D81C00FFDB00 /* Food.swift */; };
		DEA0D1D624B5E02900FFDB00 /* Protocols.swift in Sources */ = {isa = PBXBuildFile; fileRef = DEA0D1D524B5E02900FFDB00 /* Protocols.swift */; };
		DEA0D1D724B5E15200FFDB00 /* Protocols.swift in Sources */ = {isa = PBXBuildFile; fileRef = DEA0D1D524B5E02900FFDB00 /* Protocols.swift */; };
		DEA0D1DB24B60A7E00FFDB00 /* Food.swift in Sources */ = {isa = PBXBuildFile; fileRef = DEA0D1D024B5D81C00FFDB00 /* Food.swift */; };
		DEA0D1DC24B60A8100FFDB00 /* FoodRetrieval.swift in Sources */ = {isa = PBXBuildFile; fileRef = DE3AC72F24ACD73F00D32E54 /* FoodRetrieval.swift */; };
		DEA0D1DD24B60A8400FFDB00 /* FoodToCarbonConversion.swift in Sources */ = {isa = PBXBuildFile; fileRef = DE3AC73224ACD76200D32E54 /* FoodToCarbonConversion.swift */; };
		DEA0D1DE24B60A8700FFDB00 /* FoodGHGConversion.swift in Sources */ = {isa = PBXBuildFile; fileRef = DE3AC73524ACD78C00D32E54 /* FoodGHGConversion.swift */; };
		DEA1E868248A7988003EF0F5 /* SettingsView.swift in Sources */ = {isa = PBXBuildFile; fileRef = DEA1E867248A7988003EF0F5 /* SettingsView.swift */; };
		DEA51B3424816F71008FB8E3 /* IntroductionView.swift in Sources */ = {isa = PBXBuildFile; fileRef = DEA51B3324816F71008FB8E3 /* IntroductionView.swift */; };
		DECD0956247DD36F0099747D /* TransportBarChartViewModel.swift in Sources */ = {isa = PBXBuildFile; fileRef = 573693822438F85F00992BB0 /* TransportBarChartViewModel.swift */; };
		DEDE5487244603E0003FE0DE /* DateExtension.swift in Sources */ = {isa = PBXBuildFile; fileRef = DEDE5486244603E0003FE0DE /* DateExtension.swift */; };
		DEDE548B24463D98003FE0DE /* WeightedActivityListTest.swift in Sources */ = {isa = PBXBuildFile; fileRef = DEDE548A24463D98003FE0DE /* WeightedActivityListTest.swift */; };
		DEDE548E24467B4E003FE0DE /* ActivityEstimator.swift in Sources */ = {isa = PBXBuildFile; fileRef = 9CD5942D242968DE00B1D0B4 /* ActivityEstimator.swift */; };
		DEDE548F24467B4E003FE0DE /* DateExtension.swift in Sources */ = {isa = PBXBuildFile; fileRef = DEDE5486244603E0003FE0DE /* DateExtension.swift */; };
		DEDE549524467B4E003FE0DE /* MeasuredActivity.swift in Sources */ = {isa = PBXBuildFile; fileRef = 9CD594462429696D00B1D0B4 /* MeasuredActivity.swift */; };
		DEDE549724467B4E003FE0DE /* CoreDataManager.swift in Sources */ = {isa = PBXBuildFile; fileRef = 9C87AE26244215FB00490481 /* CoreDataManager.swift */; };
		DEDE54A724467B4E003FE0DE /* ActivityList.swift in Sources */ = {isa = PBXBuildFile; fileRef = 9C87AE282442408F00490481 /* ActivityList.swift */; };
		DEDE54AC24467B4E003FE0DE /* CarToParisCDGToMilanLIN.gpx in Resources */ = {isa = PBXBuildFile; fileRef = 9C17CA8024323D1C00378A67 /* CarToParisCDGToMilanLIN.gpx */; };
		DEDE54AD24467B4E003FE0DE /* EarlsCourtStation.gpx in Resources */ = {isa = PBXBuildFile; fileRef = 9CD5942A242968DE00B1D0B4 /* EarlsCourtStation.gpx */; };
		DEDE54AE24467B4E003FE0DE /* SouthKensingtonStation.gpx in Resources */ = {isa = PBXBuildFile; fileRef = 9CD594182429686900B1D0B4 /* SouthKensingtonStation.gpx */; };
		DEDE54AF24467B4E003FE0DE /* WalkToSupermarket.gpx in Resources */ = {isa = PBXBuildFile; fileRef = 9CD5941E2429686900B1D0B4 /* WalkToSupermarket.gpx */; };
		DEDE54B024467B4E003FE0DE /* CarTripToHeathrowAirport.gpx in Resources */ = {isa = PBXBuildFile; fileRef = 9C17CA8124323D1C00378A67 /* CarTripToHeathrowAirport.gpx */; };
		DEDE54B124467B4E003FE0DE /* SKToVictoria_car_30kmh.gpx in Resources */ = {isa = PBXBuildFile; fileRef = 9CD5941A2429686900B1D0B4 /* SKToVictoria_car_30kmh.gpx */; };
		DEDE54B324467B4E003FE0DE /* WalkToHeathrowAirport.gpx in Resources */ = {isa = PBXBuildFile; fileRef = 9C17CA7C24323D1C00378A67 /* WalkToHeathrowAirport.gpx */; };
		DEDE54B424467B4E003FE0DE /* Assets.xcassets in Resources */ = {isa = PBXBuildFile; fileRef = 55DA632A242AC557002CCD07 /* Assets.xcassets */; };
		DEDE54B524467B4E003FE0DE /* Preview Assets.xcassets in Resources */ = {isa = PBXBuildFile; fileRef = CD200B4B23E3885700629E73 /* Preview Assets.xcassets */; };
		DEDE54B624467B4E003FE0DE /* KingsCrossToUCL.gpx in Resources */ = {isa = PBXBuildFile; fileRef = 9C17CA7F24323D1C00378A67 /* KingsCrossToUCL.gpx */; };
		DEE2B28524A677EB0093181B /* UpdatableChart.swift in Sources */ = {isa = PBXBuildFile; fileRef = DE2D583924A4FD0E00BB14F0 /* UpdatableChart.swift */; };
		DEFEEC512448987C009BE765 /* MultiTimerTest.swift in Sources */ = {isa = PBXBuildFile; fileRef = DEFEEC502448987C009BE765 /* MultiTimerTest.swift */; };
/* End PBXBuildFile section */

/* Begin PBXContainerItemProxy section */
		9CD5947524296D9300B1D0B4 /* PBXContainerItemProxy */ = {
			isa = PBXContainerItemProxy;
			containerPortal = CD200B3723E3885100629E73 /* Project object */;
			proxyType = 1;
			remoteGlobalIDString = CD200B3E23E3885100629E73;
			remoteInfo = "Alter Eco";
		};
		DEDE54BC24467D31003FE0DE /* PBXContainerItemProxy */ = {
			isa = PBXContainerItemProxy;
			containerPortal = CD200B3723E3885100629E73 /* Project object */;
			proxyType = 1;
			remoteGlobalIDString = DEDE548C24467B4E003FE0DE;
			remoteInfo = AlterEcoBackend;
		};
/* End PBXContainerItemProxy section */

/* Begin PBXFileReference section */
		2186E158242FB3EC00FD9B5F /* ProfileView.swift */ = {isa = PBXFileReference; lastKnownFileType = sourcecode.swift; path = ProfileView.swift; sourceTree = "<group>"; };
		2186E15A242FB41000FD9B5F /* ImagePicker.swift */ = {isa = PBXFileReference; lastKnownFileType = sourcecode.swift; path = ImagePicker.swift; sourceTree = "<group>"; };
		552BB1D324448D2A0010EF6B /* ComparisonView.swift */ = {isa = PBXFileReference; lastKnownFileType = sourcecode.swift; path = ComparisonView.swift; sourceTree = "<group>"; };
		55C85C5A243CB879006AD075 /* PrivacyInfoView.swift */ = {isa = PBXFileReference; lastKnownFileType = sourcecode.swift; path = PrivacyInfoView.swift; sourceTree = "<group>"; };
		55DA632A242AC557002CCD07 /* Assets.xcassets */ = {isa = PBXFileReference; lastKnownFileType = folder.assetcatalog; name = Assets.xcassets; path = "Alter Eco/Frontend/Assets.xcassets"; sourceTree = SOURCE_ROOT; };
		573693822438F85F00992BB0 /* TransportBarChartViewModel.swift */ = {isa = PBXFileReference; lastKnownFileType = sourcecode.swift; path = TransportBarChartViewModel.swift; sourceTree = "<group>"; };
		9C17CA7C24323D1C00378A67 /* WalkToHeathrowAirport.gpx */ = {isa = PBXFileReference; fileEncoding = 4; lastKnownFileType = text.xml; path = WalkToHeathrowAirport.gpx; sourceTree = "<group>"; };
		9C17CA7F24323D1C00378A67 /* KingsCrossToUCL.gpx */ = {isa = PBXFileReference; fileEncoding = 4; lastKnownFileType = text; path = KingsCrossToUCL.gpx; sourceTree = "<group>"; };
		9C17CA8024323D1C00378A67 /* CarToParisCDGToMilanLIN.gpx */ = {isa = PBXFileReference; fileEncoding = 4; lastKnownFileType = text.xml; path = CarToParisCDGToMilanLIN.gpx; sourceTree = "<group>"; };
		9C17CA8124323D1C00378A67 /* CarTripToHeathrowAirport.gpx */ = {isa = PBXFileReference; fileEncoding = 4; lastKnownFileType = text.xml; path = CarTripToHeathrowAirport.gpx; sourceTree = "<group>"; };
		9C87AE26244215FB00490481 /* CoreDataManager.swift */ = {isa = PBXFileReference; fileEncoding = 4; lastKnownFileType = sourcecode.swift; path = CoreDataManager.swift; sourceTree = "<group>"; };
		9C87AE282442408F00490481 /* ActivityList.swift */ = {isa = PBXFileReference; lastKnownFileType = sourcecode.swift; path = ActivityList.swift; sourceTree = "<group>"; };
		9CD594182429686900B1D0B4 /* SouthKensingtonStation.gpx */ = {isa = PBXFileReference; fileEncoding = 4; lastKnownFileType = text.xml; path = SouthKensingtonStation.gpx; sourceTree = "<group>"; };
		9CD5941A2429686900B1D0B4 /* SKToVictoria_car_30kmh.gpx */ = {isa = PBXFileReference; fileEncoding = 4; lastKnownFileType = text.xml; path = SKToVictoria_car_30kmh.gpx; sourceTree = "<group>"; };
		9CD5941B2429686900B1D0B4 /* SplashScreen.swift */ = {isa = PBXFileReference; fileEncoding = 4; lastKnownFileType = sourcecode.swift; path = SplashScreen.swift; sourceTree = "<group>"; };
		9CD5941E2429686900B1D0B4 /* WalkToSupermarket.gpx */ = {isa = PBXFileReference; fileEncoding = 4; lastKnownFileType = text.xml; path = WalkToSupermarket.gpx; sourceTree = "<group>"; };
		9CD59429242968DE00B1D0B4 /* BarChart.swift */ = {isa = PBXFileReference; fileEncoding = 4; lastKnownFileType = sourcecode.swift; path = BarChart.swift; sourceTree = "<group>"; };
		9CD5942A242968DE00B1D0B4 /* EarlsCourtStation.gpx */ = {isa = PBXFileReference; fileEncoding = 4; lastKnownFileType = text.xml; path = EarlsCourtStation.gpx; sourceTree = "<group>"; };
		9CD5942C242968DE00B1D0B4 /* HighlightView.swift */ = {isa = PBXFileReference; fileEncoding = 4; lastKnownFileType = sourcecode.swift; path = HighlightView.swift; sourceTree = "<group>"; };
		9CD5942D242968DE00B1D0B4 /* ActivityEstimator.swift */ = {isa = PBXFileReference; fileEncoding = 4; lastKnownFileType = sourcecode.swift; path = ActivityEstimator.swift; sourceTree = "<group>"; };
		9CD5942E242968DE00B1D0B4 /* TransportView.swift */ = {isa = PBXFileReference; fileEncoding = 4; lastKnownFileType = sourcecode.swift; path = TransportView.swift; sourceTree = "<group>"; };
		9CD5943E2429691C00B1D0B4 /* SceneDelegate.swift */ = {isa = PBXFileReference; lastKnownFileType = sourcecode.swift; path = SceneDelegate.swift; sourceTree = "<group>"; };
		9CD594402429691E00B1D0B4 /* ContentView.swift */ = {isa = PBXFileReference; lastKnownFileType = sourcecode.swift; path = ContentView.swift; sourceTree = "<group>"; };
		9CD594422429692000B1D0B4 /* AppDelegate.swift */ = {isa = PBXFileReference; lastKnownFileType = sourcecode.swift; path = AppDelegate.swift; sourceTree = "<group>"; };
		9CD594462429696D00B1D0B4 /* MeasuredActivity.swift */ = {isa = PBXFileReference; lastKnownFileType = sourcecode.swift; path = MeasuredActivity.swift; sourceTree = "<group>"; };
		9CD5945624296BB800B1D0B4 /* MeasuredActivityTest.swift */ = {isa = PBXFileReference; fileEncoding = 4; lastKnownFileType = sourcecode.swift; path = MeasuredActivityTest.swift; sourceTree = "<group>"; };
		9CD5945824296BD100B1D0B4 /* ActivityEstimatorTest.swift */ = {isa = PBXFileReference; fileEncoding = 4; lastKnownFileType = sourcecode.swift; path = ActivityEstimatorTest.swift; sourceTree = "<group>"; };
		9CD5945A24296BD100B1D0B4 /* Info.plist */ = {isa = PBXFileReference; fileEncoding = 4; lastKnownFileType = text.plist.xml; name = Info.plist; path = "Alter EcoBackEndTests/Info.plist"; sourceTree = "<group>"; };
		9CD5947024296D9200B1D0B4 /* Alter EcoBackEndTest.xctest */ = {isa = PBXFileReference; explicitFileType = wrapper.cfbundle; includeInIndex = 0; path = "Alter EcoBackEndTest.xctest"; sourceTree = BUILT_PRODUCTS_DIR; };
		9CFAF4BB242CE9E7000B75A7 /* DatabaseTest.swift */ = {isa = PBXFileReference; lastKnownFileType = sourcecode.swift; name = DatabaseTest.swift; path = "Alter EcoBackEndTest/DatabaseTest.swift"; sourceTree = SOURCE_ROOT; };
		CD200B3F23E3885100629E73 /* Alter Eco.app */ = {isa = PBXFileReference; explicitFileType = wrapper.application; includeInIndex = 0; path = "Alter Eco.app"; sourceTree = BUILT_PRODUCTS_DIR; };
		CD200B4B23E3885700629E73 /* Preview Assets.xcassets */ = {isa = PBXFileReference; lastKnownFileType = folder.assetcatalog; path = "Preview Assets.xcassets"; sourceTree = "<group>"; };
		CD200B5023E3885700629E73 /* Info.plist */ = {isa = PBXFileReference; lastKnownFileType = text.plist.xml; path = Info.plist; sourceTree = "<group>"; };
		DE03E587248549B700CBFBB6 /* ShepherdsBush.gpx */ = {isa = PBXFileReference; lastKnownFileType = text.xml; path = ShepherdsBush.gpx; sourceTree = "<group>"; };
		DE054C85248EFE3B001B8EB1 /* TestMain.swift */ = {isa = PBXFileReference; lastKnownFileType = sourcecode.swift; path = TestMain.swift; sourceTree = "<group>"; };
		DE2B027E247EC1D900926935 /* TransportBarChartViewModelTest.swift */ = {isa = PBXFileReference; lastKnownFileType = sourcecode.swift; path = TransportBarChartViewModelTest.swift; sourceTree = "<group>"; };
		DE2B0280247ED28C00926935 /* Mocks.swift */ = {isa = PBXFileReference; lastKnownFileType = sourcecode.swift; path = Mocks.swift; sourceTree = "<group>"; };
		DE2D583924A4FD0E00BB14F0 /* UpdatableChart.swift */ = {isa = PBXFileReference; lastKnownFileType = sourcecode.swift; path = UpdatableChart.swift; sourceTree = "<group>"; };
		DE2D583B24A5167D00BB14F0 /* TransportBarChart.swift */ = {isa = PBXFileReference; lastKnownFileType = sourcecode.swift; path = TransportBarChart.swift; sourceTree = "<group>"; };
		DE36CC2B24BC80B200825FAE /* SearchableList.swift */ = {isa = PBXFileReference; lastKnownFileType = sourcecode.swift; path = SearchableList.swift; sourceTree = "<group>"; };
		DE3AC72F24ACD73F00D32E54 /* FoodRetrieval.swift */ = {isa = PBXFileReference; lastKnownFileType = sourcecode.swift; path = FoodRetrieval.swift; sourceTree = "<group>"; };
		DE3AC73224ACD76200D32E54 /* FoodToCarbonConversion.swift */ = {isa = PBXFileReference; lastKnownFileType = sourcecode.swift; path = FoodToCarbonConversion.swift; sourceTree = "<group>"; };
		DE3AC73524ACD78C00D32E54 /* FoodGHGConversion.swift */ = {isa = PBXFileReference; lastKnownFileType = sourcecode.swift; path = FoodGHGConversion.swift; sourceTree = "<group>"; };
		DE3AC73824ACD82700D32E54 /* FoodListViewModel.swift */ = {isa = PBXFileReference; lastKnownFileType = sourcecode.swift; path = FoodListViewModel.swift; sourceTree = "<group>"; };
		DE3AC73A24ACE0E700D32E54 /* BarcodeScanner.swift */ = {isa = PBXFileReference; lastKnownFileType = sourcecode.swift; path = BarcodeScanner.swift; sourceTree = "<group>"; };
		DE3AC73C24ACE15A00D32E54 /* ScannerView.swift */ = {isa = PBXFileReference; lastKnownFileType = sourcecode.swift; path = ScannerView.swift; sourceTree = "<group>"; };
		DE3C10A32447B48000107AF4 /* Timers.swift */ = {isa = PBXFileReference; lastKnownFileType = sourcecode.swift; path = Timers.swift; sourceTree = "<group>"; };
		DE3C10A62447C5A100107AF4 /* Constants.swift */ = {isa = PBXFileReference; lastKnownFileType = sourcecode.swift; path = Constants.swift; sourceTree = "<group>"; };
		DE42485624F14E7A00541B2D /* FoodScannerViewModel.swift */ = {isa = PBXFileReference; lastKnownFileType = sourcecode.swift; path = FoodScannerViewModel.swift; sourceTree = "<group>"; };
		DE42485924F1713000541B2D /* FoodScannerViewModelTest.swift */ = {isa = PBXFileReference; lastKnownFileType = sourcecode.swift; path = FoodScannerViewModelTest.swift; sourceTree = "<group>"; };
		DE42485B24F1BD5A00541B2D /* FoodListViewModelTest.swift */ = {isa = PBXFileReference; lastKnownFileType = sourcecode.swift; path = FoodListViewModelTest.swift; sourceTree = "<group>"; };
		DE42486024F2CA8600541B2D /* FoodToCarbonManagerTest.swift */ = {isa = PBXFileReference; lastKnownFileType = sourcecode.swift; path = FoodToCarbonManagerTest.swift; sourceTree = "<group>"; };
		DE42486224F3149400541B2D /* TransportPieChartViewModelTest.swift */ = {isa = PBXFileReference; lastKnownFileType = sourcecode.swift; path = TransportPieChartViewModelTest.swift; sourceTree = "<group>"; };
		DE42486424F31B0E00541B2D /* OpenFoodFacts.swift */ = {isa = PBXFileReference; lastKnownFileType = sourcecode.swift; path = OpenFoodFacts.swift; sourceTree = "<group>"; };
		DE42486624F31BE400541B2D /* FoodRetrievalErrorsTest.swift */ = {isa = PBXFileReference; lastKnownFileType = sourcecode.swift; path = FoodRetrievalErrorsTest.swift; sourceTree = "<group>"; };
		DE42486824F31D4600541B2D /* FoodQuantityTest.swift */ = {isa = PBXFileReference; lastKnownFileType = sourcecode.swift; path = FoodQuantityTest.swift; sourceTree = "<group>"; };
		DE42486B24F327B800541B2D /* FoodPieChartViewModelTest.swift */ = {isa = PBXFileReference; lastKnownFileType = sourcecode.swift; path = FoodPieChartViewModelTest.swift; sourceTree = "<group>"; };
		DE42486E24F33F5500541B2D /* GameViewModelTest.swift */ = {isa = PBXFileReference; lastKnownFileType = sourcecode.swift; path = GameViewModelTest.swift; sourceTree = "<group>"; };
		DE5E6E7824DF00CC00299047 /* Database2.0.xcdatamodel */ = {isa = PBXFileReference; lastKnownFileType = wrapper.xcdatamodel; path = Database2.0.xcdatamodel; sourceTree = "<group>"; };
		DE5E6E7A24E0510100299047 /* GameViewModel.swift */ = {isa = PBXFileReference; lastKnownFileType = sourcecode.swift; path = GameViewModel.swift; sourceTree = "<group>"; };
		DE5E6E7C24E057F400299047 /* GameItems.swift */ = {isa = PBXFileReference; lastKnownFileType = sourcecode.swift; path = GameItems.swift; sourceTree = "<group>"; };
		DE5E6E8024E091AB00299047 /* FoodPieChartViewModel.swift */ = {isa = PBXFileReference; lastKnownFileType = sourcecode.swift; path = FoodPieChartViewModel.swift; sourceTree = "<group>"; };
		DE5E6E8224E092BA00299047 /* TransportPieChartViewModel.swift */ = {isa = PBXFileReference; lastKnownFileType = sourcecode.swift; path = TransportPieChartViewModel.swift; sourceTree = "<group>"; };
		DE74ECF62482E4D10099F944 /* Utils.swift */ = {isa = PBXFileReference; lastKnownFileType = sourcecode.swift; path = Utils.swift; sourceTree = "<group>"; };
		DE77727824523BAD002D28A6 /* LaunchScreen.storyboard */ = {isa = PBXFileReference; lastKnownFileType = file.storyboard; path = LaunchScreen.storyboard; sourceTree = "<group>"; };
		DE847297247B0D0C00420F9E /* BarWithInfo.swift */ = {isa = PBXFileReference; lastKnownFileType = sourcecode.swift; path = BarWithInfo.swift; sourceTree = "<group>"; };
		DE8ECE8024DE0A0100641BA4 /* GameViewController.swift */ = {isa = PBXFileReference; lastKnownFileType = sourcecode.swift; path = GameViewController.swift; sourceTree = "<group>"; };
		DE8ECE8424DE0ADF00641BA4 /* appleTree.scn */ = {isa = PBXFileReference; lastKnownFileType = file.bplist; path = appleTree.scn; sourceTree = "<group>"; };
		DE8ECE8524DE0ADF00641BA4 /* MainScene.scn */ = {isa = PBXFileReference; lastKnownFileType = file.bplist; path = MainScene.scn; sourceTree = "<group>"; };
		DE8ECE8624DE0ADF00641BA4 /* comicSkyBox.jpg */ = {isa = PBXFileReference; lastKnownFileType = image.jpeg; path = comicSkyBox.jpg; sourceTree = "<group>"; };
		DE8ECE8724DE0ADF00641BA4 /* smog.scn */ = {isa = PBXFileReference; lastKnownFileType = file.bplist; path = smog.scn; sourceTree = "<group>"; };
		DE8ECE8824DE0ADF00641BA4 /* Stylized_Grass_002_basecolor.jpg */ = {isa = PBXFileReference; lastKnownFileType = image.jpeg; path = Stylized_Grass_002_basecolor.jpg; sourceTree = "<group>"; };
		DE8ECE8924DE0AE000641BA4 /* Stylized_Grass_002_normal.jpg */ = {isa = PBXFileReference; lastKnownFileType = image.jpeg; path = Stylized_Grass_002_normal.jpg; sourceTree = "<group>"; };
		DE8ECE8A24DE0AE000641BA4 /* foliage.jpg */ = {isa = PBXFileReference; lastKnownFileType = image.jpeg; path = foliage.jpg; sourceTree = "<group>"; };
		DE8ECE8B24DE0AE000641BA4 /* pine.scn */ = {isa = PBXFileReference; lastKnownFileType = file.bplist; path = pine.scn; sourceTree = "<group>"; };
		DE8ECE8C24DE0AE000641BA4 /* roundedTree.scn */ = {isa = PBXFileReference; lastKnownFileType = file.bplist; path = roundedTree.scn; sourceTree = "<group>"; };
		DE8ECE8D24DE0AE000641BA4 /* stem-texture.jpg */ = {isa = PBXFileReference; lastKnownFileType = image.jpeg; path = "stem-texture.jpg"; sourceTree = "<group>"; };
		DE8ECE9824DE0B5C00641BA4 /* GameView.swift */ = {isa = PBXFileReference; lastKnownFileType = sourcecode.swift; path = GameView.swift; sourceTree = "<group>"; };
		DE8ECE9B24DE131600641BA4 /* WordEmbedding.mlmodel */ = {isa = PBXFileReference; lastKnownFileType = file.mlmodel; path = WordEmbedding.mlmodel; sourceTree = "<group>"; };
		DE8F9375249FE8AB002D85E6 /* AwardView.swift */ = {isa = PBXFileReference; lastKnownFileType = sourcecode.swift; path = AwardView.swift; sourceTree = "<group>"; };
		DE8F9377249FEAB8002D85E6 /* FoodView.swift */ = {isa = PBXFileReference; lastKnownFileType = sourcecode.swift; path = FoodView.swift; sourceTree = "<group>"; };
		DE8F9379249FEF52002D85E6 /* MainBarChart.swift */ = {isa = PBXFileReference; lastKnownFileType = sourcecode.swift; path = MainBarChart.swift; sourceTree = "<group>"; };
		DE8F937B24A0D0C8002D85E6 /* FoodListView.swift */ = {isa = PBXFileReference; lastKnownFileType = sourcecode.swift; path = FoodListView.swift; sourceTree = "<group>"; };
		DE8F937D24A21639002D85E6 /* PieChart.swift */ = {isa = PBXFileReference; lastKnownFileType = sourcecode.swift; path = PieChart.swift; sourceTree = "<group>"; };
		DE994B872483E03200D3788B /* Title.swift */ = {isa = PBXFileReference; lastKnownFileType = sourcecode.swift; path = Title.swift; sourceTree = "<group>"; };
		DEA0D1D024B5D81C00FFDB00 /* Food.swift */ = {isa = PBXFileReference; lastKnownFileType = sourcecode.swift; path = Food.swift; sourceTree = "<group>"; };
		DEA0D1D524B5E02900FFDB00 /* Protocols.swift */ = {isa = PBXFileReference; lastKnownFileType = sourcecode.swift; path = Protocols.swift; sourceTree = "<group>"; };
		DEA1E867248A7988003EF0F5 /* SettingsView.swift */ = {isa = PBXFileReference; lastKnownFileType = sourcecode.swift; path = SettingsView.swift; sourceTree = "<group>"; };
		DEA51B3324816F71008FB8E3 /* IntroductionView.swift */ = {isa = PBXFileReference; lastKnownFileType = sourcecode.swift; path = IntroductionView.swift; sourceTree = "<group>"; };
		DEDE5486244603E0003FE0DE /* DateExtension.swift */ = {isa = PBXFileReference; lastKnownFileType = sourcecode.swift; path = DateExtension.swift; sourceTree = "<group>"; };
		DEDE548A24463D98003FE0DE /* WeightedActivityListTest.swift */ = {isa = PBXFileReference; lastKnownFileType = sourcecode.swift; path = WeightedActivityListTest.swift; sourceTree = "<group>"; };
		DEDE54BA24467B4E003FE0DE /* AlterEcoBackend.app */ = {isa = PBXFileReference; explicitFileType = wrapper.application; includeInIndex = 0; path = AlterEcoBackend.app; sourceTree = BUILT_PRODUCTS_DIR; };
		DEFEEC502448987C009BE765 /* MultiTimerTest.swift */ = {isa = PBXFileReference; lastKnownFileType = sourcecode.swift; path = MultiTimerTest.swift; sourceTree = "<group>"; };
/* End PBXFileReference section */

/* Begin PBXFrameworksBuildPhase section */
		9CD5946D24296D9200B1D0B4 /* Frameworks */ = {
			isa = PBXFrameworksBuildPhase;
			buildActionMask = 2147483647;
			files = (
			);
			runOnlyForDeploymentPostprocessing = 0;
		};
		CD200B3C23E3885100629E73 /* Frameworks */ = {
			isa = PBXFrameworksBuildPhase;
			buildActionMask = 2147483647;
			files = (
			);
			runOnlyForDeploymentPostprocessing = 0;
		};
		DEDE54AA24467B4E003FE0DE /* Frameworks */ = {
			isa = PBXFrameworksBuildPhase;
			buildActionMask = 2147483647;
			files = (
			);
			runOnlyForDeploymentPostprocessing = 0;
		};
/* End PBXFrameworksBuildPhase section */

/* Begin PBXGroup section */
		9CD5947124296D9200B1D0B4 /* Alter EcoBackEndTest */ = {
			isa = PBXGroup;
			children = (
				DE054C85248EFE3B001B8EB1 /* TestMain.swift */,
				DE2B0280247ED28C00926935 /* Mocks.swift */,
				DE42485924F1713000541B2D /* FoodScannerViewModelTest.swift */,
				DE42485B24F1BD5A00541B2D /* FoodListViewModelTest.swift */,
				9CFAF4BB242CE9E7000B75A7 /* DatabaseTest.swift */,
				DE42486024F2CA8600541B2D /* FoodToCarbonManagerTest.swift */,
				DE42486224F3149400541B2D /* TransportPieChartViewModelTest.swift */,
				9CD5945824296BD100B1D0B4 /* ActivityEstimatorTest.swift */,
				DE42486E24F33F5500541B2D /* GameViewModelTest.swift */,
				DEFEEC502448987C009BE765 /* MultiTimerTest.swift */,
				DE42486624F31BE400541B2D /* FoodRetrievalErrorsTest.swift */,
				DE42486824F31D4600541B2D /* FoodQuantityTest.swift */,
				DEDE548A24463D98003FE0DE /* WeightedActivityListTest.swift */,
				9CD5945624296BB800B1D0B4 /* MeasuredActivityTest.swift */,
				DE42486B24F327B800541B2D /* FoodPieChartViewModelTest.swift */,
				DE2B027E247EC1D900926935 /* TransportBarChartViewModelTest.swift */,
				9CD5945A24296BD100B1D0B4 /* Info.plist */,
			);
			path = "Alter EcoBackEndTest";
			sourceTree = "<group>";
		};
		CD200B3623E3885100629E73 = {
			isa = PBXGroup;
			children = (
				CD200B4123E3885100629E73 /* Alter Eco */,
				9CD5947124296D9200B1D0B4 /* Alter EcoBackEndTest */,
				CD200B4023E3885100629E73 /* Products */,
			);
			sourceTree = "<group>";
		};
		CD200B4023E3885100629E73 /* Products */ = {
			isa = PBXGroup;
			children = (
				CD200B3F23E3885100629E73 /* Alter Eco.app */,
				9CD5947024296D9200B1D0B4 /* Alter EcoBackEndTest.xctest */,
				DEDE54BA24467B4E003FE0DE /* AlterEcoBackend.app */,
			);
			name = Products;
			sourceTree = "<group>";
		};
		CD200B4123E3885100629E73 /* Alter Eco */ = {
			isa = PBXGroup;
			children = (
				9CD594422429692000B1D0B4 /* AppDelegate.swift */,
				CD200B5023E3885700629E73 /* Info.plist */,
				DE1B266C24433C9D007D9B54 /* Backend */,
				DE1B266D24433DBC007D9B54 /* Frontend */,
				DE1B2611243F72B4007D9B54 /* GPX */,
				CD200B4A23E3885700629E73 /* Preview Content */,
			);
			path = "Alter Eco";
			sourceTree = "<group>";
		};
		CD200B4A23E3885700629E73 /* Preview Content */ = {
			isa = PBXGroup;
			children = (
				CD200B4B23E3885700629E73 /* Preview Assets.xcassets */,
			);
			path = "Preview Content";
			sourceTree = "<group>";
		};
		DE1B2611243F72B4007D9B54 /* GPX */ = {
			isa = PBXGroup;
			children = (
				9C17CA7C24323D1C00378A67 /* WalkToHeathrowAirport.gpx */,
				9CD5942A242968DE00B1D0B4 /* EarlsCourtStation.gpx */,
				9CD5941E2429686900B1D0B4 /* WalkToSupermarket.gpx */,
				9CD5941A2429686900B1D0B4 /* SKToVictoria_car_30kmh.gpx */,
				9CD594182429686900B1D0B4 /* SouthKensingtonStation.gpx */,
				9C17CA8024323D1C00378A67 /* CarToParisCDGToMilanLIN.gpx */,
				9C17CA8124323D1C00378A67 /* CarTripToHeathrowAirport.gpx */,
				DE03E587248549B700CBFBB6 /* ShepherdsBush.gpx */,
				9C17CA7F24323D1C00378A67 /* KingsCrossToUCL.gpx */,
			);
			path = GPX;
			sourceTree = "<group>";
		};
		DE1B266C24433C9D007D9B54 /* Backend */ = {
			isa = PBXGroup;
			children = (
				DEA0D1D324B5DF0E00FFDB00 /* Transport */,
				DEA0D1D224B5DEE800FFDB00 /* Food */,
				DEA0D1D424B5DFEF00FFDB00 /* Database */,
				DE8ECE7F24DE094200641BA4 /* Gamification */,
				DE3C10A32447B48000107AF4 /* Timers.swift */,
				DE3C10A62447C5A100107AF4 /* Constants.swift */,
				DEDE5486244603E0003FE0DE /* DateExtension.swift */,
				DE2D583924A4FD0E00BB14F0 /* UpdatableChart.swift */,
			);
			path = Backend;
			sourceTree = "<group>";
		};
		DE1B266D24433DBC007D9B54 /* Frontend */ = {
			isa = PBXGroup;
			children = (
				DE77727824523BAD002D28A6 /* LaunchScreen.storyboard */,
				9CD5943E2429691C00B1D0B4 /* SceneDelegate.swift */,
				9CD594402429691E00B1D0B4 /* ContentView.swift */,
				9CD5941B2429686900B1D0B4 /* SplashScreen.swift */,
				DEA51B3324816F71008FB8E3 /* IntroductionView.swift */,
				DE994B872483E03200D3788B /* Title.swift */,
				2186E158242FB3EC00FD9B5F /* ProfileView.swift */,
				2186E15A242FB41000FD9B5F /* ImagePicker.swift */,
				9CD5942E242968DE00B1D0B4 /* TransportView.swift */,
				DE8F9377249FEAB8002D85E6 /* FoodView.swift */,
				DE8F937B24A0D0C8002D85E6 /* FoodListView.swift */,
				DE36CC2B24BC80B200825FAE /* SearchableList.swift */,
				DE8F9375249FE8AB002D85E6 /* AwardView.swift */,
				9CD5942C242968DE00B1D0B4 /* HighlightView.swift */,
				552BB1D324448D2A0010EF6B /* ComparisonView.swift */,
				55C85C5A243CB879006AD075 /* PrivacyInfoView.swift */,
				DEA1E867248A7988003EF0F5 /* SettingsView.swift */,
				DE3AC73C24ACE15A00D32E54 /* ScannerView.swift */,
				DE3AC73A24ACE0E700D32E54 /* BarcodeScanner.swift */,
				DE8ECE9824DE0B5C00641BA4 /* GameView.swift */,
				DE74ECF62482E4D10099F944 /* Utils.swift */,
				DE2D583E24A517DB00BB14F0 /* Charts */,
				55DA632A242AC557002CCD07 /* Assets.xcassets */,
				DE8ECE8324DE0AC000641BA4 /* art.scnassets */,
			);
			path = Frontend;
			sourceTree = "<group>";
		};
		DE2D583E24A517DB00BB14F0 /* Charts */ = {
			isa = PBXGroup;
			children = (
				9CD59429242968DE00B1D0B4 /* BarChart.swift */,
				DE847297247B0D0C00420F9E /* BarWithInfo.swift */,
				DE8F937D24A21639002D85E6 /* PieChart.swift */,
				DE8F9379249FEF52002D85E6 /* MainBarChart.swift */,
				DE2D583B24A5167D00BB14F0 /* TransportBarChart.swift */,
			);
			path = Charts;
			sourceTree = "<group>";
		};
		DE8ECE7F24DE094200641BA4 /* Gamification */ = {
			isa = PBXGroup;
			children = (
				DE8ECE8024DE0A0100641BA4 /* GameViewController.swift */,
				DE5E6E7A24E0510100299047 /* GameViewModel.swift */,
				DE5E6E7C24E057F400299047 /* GameItems.swift */,
			);
			path = Gamification;
			sourceTree = "<group>";
		};
		DE8ECE8324DE0AC000641BA4 /* art.scnassets */ = {
			isa = PBXGroup;
			children = (
				DE8ECE8424DE0ADF00641BA4 /* appleTree.scn */,
				DE8ECE8624DE0ADF00641BA4 /* comicSkyBox.jpg */,
				DE8ECE8A24DE0AE000641BA4 /* foliage.jpg */,
				DE8ECE8524DE0ADF00641BA4 /* MainScene.scn */,
				DE8ECE8B24DE0AE000641BA4 /* pine.scn */,
				DE8ECE8C24DE0AE000641BA4 /* roundedTree.scn */,
				DE8ECE8724DE0ADF00641BA4 /* smog.scn */,
				DE8ECE8D24DE0AE000641BA4 /* stem-texture.jpg */,
				DE8ECE8824DE0ADF00641BA4 /* Stylized_Grass_002_basecolor.jpg */,
				DE8ECE8924DE0AE000641BA4 /* Stylized_Grass_002_normal.jpg */,
			);
			path = art.scnassets;
			sourceTree = "<group>";
		};
		DEA0D1D224B5DEE800FFDB00 /* Food */ = {
			isa = PBXGroup;
			children = (
				DE8ECE9B24DE131600641BA4 /* WordEmbedding.mlmodel */,
				DEA0D1D024B5D81C00FFDB00 /* Food.swift */,
				DE3AC72F24ACD73F00D32E54 /* FoodRetrieval.swift */,
				DE3AC73224ACD76200D32E54 /* FoodToCarbonConversion.swift */,
				DE3AC73524ACD78C00D32E54 /* FoodGHGConversion.swift */,
				DE42486424F31B0E00541B2D /* OpenFoodFacts.swift */,
				DE3AC73824ACD82700D32E54 /* FoodListViewModel.swift */,
				DE42485624F14E7A00541B2D /* FoodScannerViewModel.swift */,
				DE5E6E8024E091AB00299047 /* FoodPieChartViewModel.swift */,
			);
			path = Food;
			sourceTree = "<group>";
		};
		DEA0D1D324B5DF0E00FFDB00 /* Transport */ = {
			isa = PBXGroup;
			children = (
				9CD5942D242968DE00B1D0B4 /* ActivityEstimator.swift */,
				9C87AE282442408F00490481 /* ActivityList.swift */,
				9CD594462429696D00B1D0B4 /* MeasuredActivity.swift */,
				DE5E6E8224E092BA00299047 /* TransportPieChartViewModel.swift */,
				573693822438F85F00992BB0 /* TransportBarChartViewModel.swift */,
			);
			path = Transport;
			sourceTree = "<group>";
		};
		DEA0D1D424B5DFEF00FFDB00 /* Database */ = {
			isa = PBXGroup;
			children = (
				DEA0D1D524B5E02900FFDB00 /* Protocols.swift */,
				DE5E6E7724DF00CC00299047 /* Database2.0.xcdatamodeld */,
				9C87AE26244215FB00490481 /* CoreDataManager.swift */,
			);
			path = Database;
			sourceTree = "<group>";
		};
/* End PBXGroup section */

/* Begin PBXNativeTarget section */
		9CD5946F24296D9200B1D0B4 /* Alter EcoBackEndTest */ = {
			isa = PBXNativeTarget;
			buildConfigurationList = 9CD5947724296D9300B1D0B4 /* Build configuration list for PBXNativeTarget "Alter EcoBackEndTest" */;
			buildPhases = (
				9CD5946C24296D9200B1D0B4 /* Sources */,
				9CD5946D24296D9200B1D0B4 /* Frameworks */,
				9CD5946E24296D9200B1D0B4 /* Resources */,
			);
			buildRules = (
			);
			dependencies = (
				9CD5947624296D9300B1D0B4 /* PBXTargetDependency */,
				DEDE54BD24467D31003FE0DE /* PBXTargetDependency */,
			);
			name = "Alter EcoBackEndTest";
			productName = "Alter EcoBackEndTest";
			productReference = 9CD5947024296D9200B1D0B4 /* Alter EcoBackEndTest.xctest */;
			productType = "com.apple.product-type.bundle.unit-test";
		};
		CD200B3E23E3885100629E73 /* Alter Eco */ = {
			isa = PBXNativeTarget;
			buildConfigurationList = CD200B6923E3885800629E73 /* Build configuration list for PBXNativeTarget "Alter Eco" */;
			buildPhases = (
				CD200B3B23E3885100629E73 /* Sources */,
				CD200B3C23E3885100629E73 /* Frameworks */,
				CD200B3D23E3885100629E73 /* Resources */,
			);
			buildRules = (
			);
			dependencies = (
			);
			name = "Alter Eco";
			productName = "Alter Eco";
			productReference = CD200B3F23E3885100629E73 /* Alter Eco.app */;
			productType = "com.apple.product-type.application";
		};
		DEDE548C24467B4E003FE0DE /* AlterEcoBackend */ = {
			isa = PBXNativeTarget;
			buildConfigurationList = DEDE54B724467B4E003FE0DE /* Build configuration list for PBXNativeTarget "AlterEcoBackend" */;
			buildPhases = (
				DEDE548D24467B4E003FE0DE /* Sources */,
				DEDE54AA24467B4E003FE0DE /* Frameworks */,
				DEDE54AB24467B4E003FE0DE /* Resources */,
			);
			buildRules = (
			);
			dependencies = (
			);
			name = AlterEcoBackend;
			productName = "Alter Eco";
			productReference = DEDE54BA24467B4E003FE0DE /* AlterEcoBackend.app */;
			productType = "com.apple.product-type.application";
		};
/* End PBXNativeTarget section */

/* Begin PBXProject section */
		CD200B3723E3885100629E73 /* Project object */ = {
			isa = PBXProject;
			attributes = {
				LastSwiftUpdateCheck = 1130;
				LastUpgradeCheck = 1140;
				ORGANIZATIONNAME = "Imperial College London";
				TargetAttributes = {
					9CD5946F24296D9200B1D0B4 = {
						CreatedOnToolsVersion = 11.3.1;
						TestTargetID = DEDE548C24467B4E003FE0DE;
					};
					CD200B3E23E3885100629E73 = {
						CreatedOnToolsVersion = 11.3;
					};
				};
			};
			buildConfigurationList = CD200B3A23E3885100629E73 /* Build configuration list for PBXProject "Alter Eco" */;
			compatibilityVersion = "Xcode 9.3";
			developmentRegion = en;
			hasScannedForEncodings = 0;
			knownRegions = (
				en,
				Base,
			);
			mainGroup = CD200B3623E3885100629E73;
			productRefGroup = CD200B4023E3885100629E73 /* Products */;
			projectDirPath = "";
			projectRoot = "";
			targets = (
				CD200B3E23E3885100629E73 /* Alter Eco */,
				9CD5946F24296D9200B1D0B4 /* Alter EcoBackEndTest */,
				DEDE548C24467B4E003FE0DE /* AlterEcoBackend */,
			);
		};
/* End PBXProject section */

/* Begin PBXResourcesBuildPhase section */
		9CD5946E24296D9200B1D0B4 /* Resources */ = {
			isa = PBXResourcesBuildPhase;
			buildActionMask = 2147483647;
			files = (
			);
			runOnlyForDeploymentPostprocessing = 0;
		};
		CD200B3D23E3885100629E73 /* Resources */ = {
			isa = PBXResourcesBuildPhase;
			buildActionMask = 2147483647;
			files = (
				DE8ECE9724DE0AE000641BA4 /* stem-texture.jpg in Resources */,
				DE8ECE9124DE0AE000641BA4 /* smog.scn in Resources */,
				9C17CA8824323D1D00378A67 /* CarToParisCDGToMilanLIN.gpx in Resources */,
				DE8ECE8F24DE0AE000641BA4 /* MainScene.scn in Resources */,
				DE8ECE9324DE0AE000641BA4 /* Stylized_Grass_002_normal.jpg in Resources */,
				9CD59436242968DF00B1D0B4 /* EarlsCourtStation.gpx in Resources */,
				9CD594202429686900B1D0B4 /* SouthKensingtonStation.gpx in Resources */,
				9CD594262429686900B1D0B4 /* WalkToSupermarket.gpx in Resources */,
				9C17CA8924323D1D00378A67 /* CarTripToHeathrowAirport.gpx in Resources */,
				9CD594222429686900B1D0B4 /* SKToVictoria_car_30kmh.gpx in Resources */,
				DE8ECE9524DE0AE000641BA4 /* pine.scn in Resources */,
				DE8ECE9024DE0AE000641BA4 /* comicSkyBox.jpg in Resources */,
				DE8ECE9224DE0AE000641BA4 /* Stylized_Grass_002_basecolor.jpg in Resources */,
				DE77727924523BAD002D28A6 /* LaunchScreen.storyboard in Resources */,
				9C17CA8424323D1D00378A67 /* WalkToHeathrowAirport.gpx in Resources */,
				DE8ECE9624DE0AE000641BA4 /* roundedTree.scn in Resources */,
				DE8ECE8E24DE0AE000641BA4 /* appleTree.scn in Resources */,
				55DA632B242AC557002CCD07 /* Assets.xcassets in Resources */,
				DE8ECE9424DE0AE000641BA4 /* foliage.jpg in Resources */,
				CD200B4C23E3885700629E73 /* Preview Assets.xcassets in Resources */,
				9C17CA8724323D1D00378A67 /* KingsCrossToUCL.gpx in Resources */,
			);
			runOnlyForDeploymentPostprocessing = 0;
		};
		DEDE54AB24467B4E003FE0DE /* Resources */ = {
			isa = PBXResourcesBuildPhase;
			buildActionMask = 2147483647;
			files = (
				DEDE54AC24467B4E003FE0DE /* CarToParisCDGToMilanLIN.gpx in Resources */,
				DEDE54AD24467B4E003FE0DE /* EarlsCourtStation.gpx in Resources */,
				DEDE54AE24467B4E003FE0DE /* SouthKensingtonStation.gpx in Resources */,
				DEDE54AF24467B4E003FE0DE /* WalkToSupermarket.gpx in Resources */,
				DEDE54B024467B4E003FE0DE /* CarTripToHeathrowAirport.gpx in Resources */,
				DEDE54B124467B4E003FE0DE /* SKToVictoria_car_30kmh.gpx in Resources */,
				DEDE54B324467B4E003FE0DE /* WalkToHeathrowAirport.gpx in Resources */,
				DEDE54B424467B4E003FE0DE /* Assets.xcassets in Resources */,
				DEDE54B524467B4E003FE0DE /* Preview Assets.xcassets in Resources */,
				DEDE54B624467B4E003FE0DE /* KingsCrossToUCL.gpx in Resources */,
			);
			runOnlyForDeploymentPostprocessing = 0;
		};
/* End PBXResourcesBuildPhase section */

/* Begin PBXSourcesBuildPhase section */
		9CD5946C24296D9200B1D0B4 /* Sources */ = {
			isa = PBXSourcesBuildPhase;
			buildActionMask = 2147483647;
			files = (
				DE42485A24F1713000541B2D /* FoodScannerViewModelTest.swift in Sources */,
				DE42486124F2CA8600541B2D /* FoodToCarbonManagerTest.swift in Sources */,
				DE2B027F247EC1D900926935 /* TransportBarChartViewModelTest.swift in Sources */,
				DE42486324F3149400541B2D /* TransportPieChartViewModelTest.swift in Sources */,
				DEFEEC512448987C009BE765 /* MultiTimerTest.swift in Sources */,
				9CD5947B24296DAA00B1D0B4 /* MeasuredActivityTest.swift in Sources */,
				DE42486724F31BE400541B2D /* FoodRetrievalErrorsTest.swift in Sources */,
				DEDE548B24463D98003FE0DE /* WeightedActivityListTest.swift in Sources */,
				DE42486F24F33F5500541B2D /* GameViewModelTest.swift in Sources */,
				DE2B0281247ED28C00926935 /* Mocks.swift in Sources */,
				DE42485C24F1BD5A00541B2D /* FoodListViewModelTest.swift in Sources */,
				DE054C86248EFE3B001B8EB1 /* TestMain.swift in Sources */,
				9CFAF4BC242CE9E7000B75A7 /* DatabaseTest.swift in Sources */,
				DE42486C24F327B800541B2D /* FoodPieChartViewModelTest.swift in Sources */,
				DE42486924F31D4600541B2D /* FoodQuantityTest.swift in Sources */,
				9CD5947C24296DAD00B1D0B4 /* ActivityEstimatorTest.swift in Sources */,
			);
			runOnlyForDeploymentPostprocessing = 0;
		};
		CD200B3B23E3885100629E73 /* Sources */ = {
			isa = PBXSourcesBuildPhase;
			buildActionMask = 2147483647;
			files = (
				DEA0D1D124B5D81C00FFDB00 /* Food.swift in Sources */,
				DE2D583C24A5167D00BB14F0 /* TransportBarChart.swift in Sources */,
				9CD59439242968DF00B1D0B4 /* ActivityEstimator.swift in Sources */,
				DEA51B3424816F71008FB8E3 /* IntroductionView.swift in Sources */,
				DE8ECE9924DE0B5C00641BA4 /* GameView.swift in Sources */,
				DEDE5487244603E0003FE0DE /* DateExtension.swift in Sources */,
				DE3AC73324ACD76200D32E54 /* FoodToCarbonConversion.swift in Sources */,
				DE8F9378249FEAB8002D85E6 /* FoodView.swift in Sources */,
				9CD594232429686900B1D0B4 /* SplashScreen.swift in Sources */,
				DE42486524F31B0E00541B2D /* OpenFoodFacts.swift in Sources */,
				9CD594412429691E00B1D0B4 /* ContentView.swift in Sources */,
				DEA0D1D624B5E02900FFDB00 /* Protocols.swift in Sources */,
				DE3AC73924ACD82700D32E54 /* FoodListViewModel.swift in Sources */,
				DE3AC73B24ACE0E700D32E54 /* BarcodeScanner.swift in Sources */,
				DE5E6E7D24E057F400299047 /* GameItems.swift in Sources */,
				2186E15B242FB41000FD9B5F /* ImagePicker.swift in Sources */,
				DE2D583A24A4FD0E00BB14F0 /* UpdatableChart.swift in Sources */,
				DE3AC73624ACD78C00D32E54 /* FoodGHGConversion.swift in Sources */,
				DE3C10A72447C5A100107AF4 /* Constants.swift in Sources */,
				9CD5943A242968DF00B1D0B4 /* TransportView.swift in Sources */,
				9CD594472429696D00B1D0B4 /* MeasuredActivity.swift in Sources */,
				DE994B882483E03200D3788B /* Title.swift in Sources */,
				DE8ECE8124DE0A0100641BA4 /* GameViewController.swift in Sources */,
				9C87AE27244215FB00490481 /* CoreDataManager.swift in Sources */,
				DE5E6E8324E092BA00299047 /* TransportPieChartViewModel.swift in Sources */,
				DE42485724F14E7A00541B2D /* FoodScannerViewModel.swift in Sources */,
				9CD5943F2429691C00B1D0B4 /* SceneDelegate.swift in Sources */,
				573693832438F85F00992BB0 /* TransportBarChartViewModel.swift in Sources */,
				9CD59435242968DF00B1D0B4 /* BarChart.swift in Sources */,
				DE847298247B0D0C00420F9E /* BarWithInfo.swift in Sources */,
				DE5E6E7B24E0510100299047 /* GameViewModel.swift in Sources */,
				DE74ECF72482E4D10099F944 /* Utils.swift in Sources */,
				DE3AC73D24ACE15A00D32E54 /* ScannerView.swift in Sources */,
				55C85C5B243CB879006AD075 /* PrivacyInfoView.swift in Sources */,
				DE8F9376249FE8AB002D85E6 /* AwardView.swift in Sources */,
				2186E159242FB3EC00FD9B5F /* ProfileView.swift in Sources */,
				DE3C10A42447B48000107AF4 /* Timers.swift in Sources */,
				DE8ECE9D24DE148F00641BA4 /* WordEmbedding.mlmodel in Sources */,
				9CD59438242968DF00B1D0B4 /* HighlightView.swift in Sources */,
				DE8F937A249FEF52002D85E6 /* MainBarChart.swift in Sources */,
				552BB1D424448D2A0010EF6B /* ComparisonView.swift in Sources */,
				DE8F937E24A21639002D85E6 /* PieChart.swift in Sources */,
				DE8F937C24A0D0C8002D85E6 /* FoodListView.swift in Sources */,
				DE3AC73024ACD73F00D32E54 /* FoodRetrieval.swift in Sources */,
				DE5E6E8124E091AB00299047 /* FoodPieChartViewModel.swift in Sources */,
				DE36CC2C24BC80B200825FAE /* SearchableList.swift in Sources */,
				9C87AE292442408F00490481 /* ActivityList.swift in Sources */,
				DE5E6E7924DF00CC00299047 /* Database2.0.xcdatamodeld in Sources */,
				DEA1E868248A7988003EF0F5 /* SettingsView.swift in Sources */,
				9CD594432429692000B1D0B4 /* AppDelegate.swift in Sources */,
			);
			runOnlyForDeploymentPostprocessing = 0;
		};
		DEDE548D24467B4E003FE0DE /* Sources */ = {
			isa = PBXSourcesBuildPhase;
			buildActionMask = 2147483647;
			files = (
				DE3C10A52447B48000107AF4 /* Timers.swift in Sources */,
				DEDE548E24467B4E003FE0DE /* ActivityEstimator.swift in Sources */,
				DEE2B28524A677EB0093181B /* UpdatableChart.swift in Sources */,
				DE5E6E7E24E057F400299047 /* GameItems.swift in Sources */,
				DE42486A24F3279400541B2D /* FoodPieChartViewModel.swift in Sources */,
				DEDE548F24467B4E003FE0DE /* DateExtension.swift in Sources */,
				DEDE549524467B4E003FE0DE /* MeasuredActivity.swift in Sources */,
				DE3C10A82447C5A100107AF4 /* Constants.swift in Sources */,
				DE5E6E8524E0C30A00299047 /* WordEmbedding.mlmodel in Sources */,
				DE42486D24F33F0900541B2D /* GameViewModel.swift in Sources */,
				DEA0D1DB24B60A7E00FFDB00 /* Food.swift in Sources */,
				DEA0D1DC24B60A8100FFDB00 /* FoodRetrieval.swift in Sources */,
				DE5E6E8424E092BA00299047 /* TransportPieChartViewModel.swift in Sources */,
				DEDE549724467B4E003FE0DE /* CoreDataManager.swift in Sources */,
				DE054C87248EFED4001B8EB1 /* TestMain.swift in Sources */,
				DEA0D1D724B5E15200FFDB00 /* Protocols.swift in Sources */,
				DEA0D1DE24B60A8700FFDB00 /* FoodGHGConversion.swift in Sources */,
				DE5E6E7F24E0585B00299047 /* Database2.0.xcdatamodeld in Sources */,
				DEDE54A724467B4E003FE0DE /* ActivityList.swift in Sources */,
				DE42485D24F1BD6500541B2D /* FoodListViewModel.swift in Sources */,
				DEA0D1DD24B60A8400FFDB00 /* FoodToCarbonConversion.swift in Sources */,
				DECD0956247DD36F0099747D /* TransportBarChartViewModel.swift in Sources */,
				DE42485824F14E7A00541B2D /* FoodScannerViewModel.swift in Sources */,
			);
			runOnlyForDeploymentPostprocessing = 0;
		};
/* End PBXSourcesBuildPhase section */

/* Begin PBXTargetDependency section */
		9CD5947624296D9300B1D0B4 /* PBXTargetDependency */ = {
			isa = PBXTargetDependency;
			target = CD200B3E23E3885100629E73 /* Alter Eco */;
			targetProxy = 9CD5947524296D9300B1D0B4 /* PBXContainerItemProxy */;
		};
		DEDE54BD24467D31003FE0DE /* PBXTargetDependency */ = {
			isa = PBXTargetDependency;
			target = DEDE548C24467B4E003FE0DE /* AlterEcoBackend */;
			targetProxy = DEDE54BC24467D31003FE0DE /* PBXContainerItemProxy */;
		};
/* End PBXTargetDependency section */

/* Begin XCBuildConfiguration section */
		9CD5947824296D9300B1D0B4 /* Debug */ = {
			isa = XCBuildConfiguration;
			buildSettings = {
				BUNDLE_LOADER = "$(TEST_HOST)";
				CODE_SIGN_STYLE = Automatic;
				DEVELOPMENT_TEAM = WSTC8F6Z3G;
				INFOPLIST_FILE = "Alter EcoBackEndTest/Info.plist";
				LD_RUNPATH_SEARCH_PATHS = (
					"$(inherited)",
					"@executable_path/Frameworks",
					"@loader_path/Frameworks",
				);
				PRODUCT_BUNDLE_IDENTIFIER = "imperial.Alter-EcoBackEndTest";
				PRODUCT_NAME = "$(TARGET_NAME)";
				SWIFT_VERSION = 5.0;
				TARGETED_DEVICE_FAMILY = "1,2";
				TEST_HOST = "$(BUILT_PRODUCTS_DIR)/AlterEcoBackend.app/AlterEcoBackend";
			};
			name = Debug;
		};
		9CD5947924296D9300B1D0B4 /* Release */ = {
			isa = XCBuildConfiguration;
			buildSettings = {
				BUNDLE_LOADER = "$(TEST_HOST)";
				CODE_SIGN_IDENTITY = "-";
				CODE_SIGN_STYLE = Automatic;
				DEVELOPMENT_TEAM = WSTC8F6Z3G;
				INFOPLIST_FILE = "Alter EcoBackEndTest/Info.plist";
				LD_RUNPATH_SEARCH_PATHS = (
					"$(inherited)",
					"@executable_path/Frameworks",
					"@loader_path/Frameworks",
				);
				PRODUCT_BUNDLE_IDENTIFIER = "imperial.Alter-EcoBackEndTest";
				PRODUCT_NAME = "$(TARGET_NAME)";
				SWIFT_VERSION = 5.0;
				TARGETED_DEVICE_FAMILY = "1,2";
				TEST_HOST = "$(BUILT_PRODUCTS_DIR)/AlterEcoBackend.app/AlterEcoBackend";
			};
			name = Release;
		};
		CD200B6723E3885800629E73 /* Debug */ = {
			isa = XCBuildConfiguration;
			buildSettings = {
				ALWAYS_SEARCH_USER_PATHS = NO;
				CLANG_ANALYZER_NONNULL = YES;
				CLANG_ANALYZER_NUMBER_OBJECT_CONVERSION = YES_AGGRESSIVE;
				CLANG_CXX_LANGUAGE_STANDARD = "gnu++14";
				CLANG_CXX_LIBRARY = "libc++";
				CLANG_ENABLE_MODULES = YES;
				CLANG_ENABLE_OBJC_ARC = YES;
				CLANG_ENABLE_OBJC_WEAK = YES;
				CLANG_WARN_BLOCK_CAPTURE_AUTORELEASING = YES;
				CLANG_WARN_BOOL_CONVERSION = YES;
				CLANG_WARN_COMMA = YES;
				CLANG_WARN_CONSTANT_CONVERSION = YES;
				CLANG_WARN_DEPRECATED_OBJC_IMPLEMENTATIONS = YES;
				CLANG_WARN_DIRECT_OBJC_ISA_USAGE = YES_ERROR;
				CLANG_WARN_DOCUMENTATION_COMMENTS = YES;
				CLANG_WARN_EMPTY_BODY = YES;
				CLANG_WARN_ENUM_CONVERSION = YES;
				CLANG_WARN_INFINITE_RECURSION = YES;
				CLANG_WARN_INT_CONVERSION = YES;
				CLANG_WARN_NON_LITERAL_NULL_CONVERSION = YES;
				CLANG_WARN_OBJC_IMPLICIT_RETAIN_SELF = YES;
				CLANG_WARN_OBJC_LITERAL_CONVERSION = YES;
				CLANG_WARN_OBJC_ROOT_CLASS = YES_ERROR;
				CLANG_WARN_RANGE_LOOP_ANALYSIS = YES;
				CLANG_WARN_STRICT_PROTOTYPES = YES;
				CLANG_WARN_SUSPICIOUS_MOVE = YES;
				CLANG_WARN_UNGUARDED_AVAILABILITY = YES_AGGRESSIVE;
				CLANG_WARN_UNREACHABLE_CODE = YES;
				CLANG_WARN__DUPLICATE_METHOD_MATCH = YES;
				COPY_PHASE_STRIP = NO;
				DEBUG_INFORMATION_FORMAT = dwarf;
				ENABLE_STRICT_OBJC_MSGSEND = YES;
				ENABLE_TESTABILITY = YES;
				GCC_C_LANGUAGE_STANDARD = gnu11;
				GCC_DYNAMIC_NO_PIC = NO;
				GCC_NO_COMMON_BLOCKS = YES;
				GCC_OPTIMIZATION_LEVEL = 0;
				GCC_PREPROCESSOR_DEFINITIONS = (
					"DEBUG=1",
					"$(inherited)",
				);
				GCC_WARN_64_TO_32_BIT_CONVERSION = YES;
				GCC_WARN_ABOUT_RETURN_TYPE = YES_ERROR;
				GCC_WARN_UNDECLARED_SELECTOR = YES;
				GCC_WARN_UNINITIALIZED_AUTOS = YES_AGGRESSIVE;
				GCC_WARN_UNUSED_FUNCTION = YES;
				GCC_WARN_UNUSED_VARIABLE = YES;
				IPHONEOS_DEPLOYMENT_TARGET = 13.0;
				MTL_ENABLE_DEBUG_INFO = INCLUDE_SOURCE;
				MTL_FAST_MATH = YES;
				ONLY_ACTIVE_ARCH = YES;
				SDKROOT = iphoneos;
				SWIFT_ACTIVE_COMPILATION_CONDITIONS = DEBUG;
				SWIFT_OPTIMIZATION_LEVEL = "-Onone";
			};
			name = Debug;
		};
		CD200B6823E3885800629E73 /* Release */ = {
			isa = XCBuildConfiguration;
			buildSettings = {
				ALWAYS_SEARCH_USER_PATHS = NO;
				CLANG_ANALYZER_NONNULL = YES;
				CLANG_ANALYZER_NUMBER_OBJECT_CONVERSION = YES_AGGRESSIVE;
				CLANG_CXX_LANGUAGE_STANDARD = "gnu++14";
				CLANG_CXX_LIBRARY = "libc++";
				CLANG_ENABLE_MODULES = YES;
				CLANG_ENABLE_OBJC_ARC = YES;
				CLANG_ENABLE_OBJC_WEAK = YES;
				CLANG_WARN_BLOCK_CAPTURE_AUTORELEASING = YES;
				CLANG_WARN_BOOL_CONVERSION = YES;
				CLANG_WARN_COMMA = YES;
				CLANG_WARN_CONSTANT_CONVERSION = YES;
				CLANG_WARN_DEPRECATED_OBJC_IMPLEMENTATIONS = YES;
				CLANG_WARN_DIRECT_OBJC_ISA_USAGE = YES_ERROR;
				CLANG_WARN_DOCUMENTATION_COMMENTS = YES;
				CLANG_WARN_EMPTY_BODY = YES;
				CLANG_WARN_ENUM_CONVERSION = YES;
				CLANG_WARN_INFINITE_RECURSION = YES;
				CLANG_WARN_INT_CONVERSION = YES;
				CLANG_WARN_NON_LITERAL_NULL_CONVERSION = YES;
				CLANG_WARN_OBJC_IMPLICIT_RETAIN_SELF = YES;
				CLANG_WARN_OBJC_LITERAL_CONVERSION = YES;
				CLANG_WARN_OBJC_ROOT_CLASS = YES_ERROR;
				CLANG_WARN_RANGE_LOOP_ANALYSIS = YES;
				CLANG_WARN_STRICT_PROTOTYPES = YES;
				CLANG_WARN_SUSPICIOUS_MOVE = YES;
				CLANG_WARN_UNGUARDED_AVAILABILITY = YES_AGGRESSIVE;
				CLANG_WARN_UNREACHABLE_CODE = YES;
				CLANG_WARN__DUPLICATE_METHOD_MATCH = YES;
				COPY_PHASE_STRIP = NO;
				DEBUG_INFORMATION_FORMAT = "dwarf-with-dsym";
				ENABLE_NS_ASSERTIONS = NO;
				ENABLE_STRICT_OBJC_MSGSEND = YES;
				GCC_C_LANGUAGE_STANDARD = gnu11;
				GCC_NO_COMMON_BLOCKS = YES;
				GCC_WARN_64_TO_32_BIT_CONVERSION = YES;
				GCC_WARN_ABOUT_RETURN_TYPE = YES_ERROR;
				GCC_WARN_UNDECLARED_SELECTOR = YES;
				GCC_WARN_UNINITIALIZED_AUTOS = YES_AGGRESSIVE;
				GCC_WARN_UNUSED_FUNCTION = YES;
				GCC_WARN_UNUSED_VARIABLE = YES;
				IPHONEOS_DEPLOYMENT_TARGET = 13.0;
				MTL_ENABLE_DEBUG_INFO = NO;
				MTL_FAST_MATH = YES;
				SDKROOT = iphoneos;
				SWIFT_COMPILATION_MODE = wholemodule;
				SWIFT_OPTIMIZATION_LEVEL = "-O";
				VALIDATE_PRODUCT = YES;
			};
			name = Release;
		};
		CD200B6A23E3885800629E73 /* Debug */ = {
			isa = XCBuildConfiguration;
			buildSettings = {
				ASSETCATALOG_COMPILER_APPICON_NAME = AppIcon;
				CODE_SIGN_IDENTITY = "Apple Development";
				CODE_SIGN_STYLE = Automatic;
				CURRENT_PROJECT_VERSION = 4;
				DEVELOPMENT_ASSET_PATHS = "\"Alter Eco/Preview Content\"";
				DEVELOPMENT_TEAM = WSTC8F6Z3G;
				ENABLE_PREVIEWS = YES;
				INFOPLIST_FILE = "Alter Eco/Info.plist";
				IPHONEOS_DEPLOYMENT_TARGET = 13.0;
				LD_RUNPATH_SEARCH_PATHS = (
					"$(inherited)",
					"@executable_path/Frameworks",
				);
				MARKETING_VERSION = 3;
				PRODUCT_BUNDLE_IDENTIFIER = com.altereco.altereco;
				PRODUCT_NAME = "$(TARGET_NAME)";
				SWIFT_ACTIVE_COMPILATION_CONDITIONS = "DEBUG NO_BACKEND_TESTING";
				SWIFT_VERSION = 5.0;
				TARGETED_DEVICE_FAMILY = "1,2";
			};
			name = Debug;
		};
		CD200B6B23E3885800629E73 /* Release */ = {
			isa = XCBuildConfiguration;
			buildSettings = {
				ASSETCATALOG_COMPILER_APPICON_NAME = AppIcon;
				CODE_SIGN_IDENTITY = "Apple Development";
				CODE_SIGN_STYLE = Automatic;
				CURRENT_PROJECT_VERSION = 4;
				DEVELOPMENT_ASSET_PATHS = "\"Alter Eco/Preview Content\"";
				DEVELOPMENT_TEAM = WSTC8F6Z3G;
				ENABLE_PREVIEWS = YES;
				INFOPLIST_FILE = "Alter Eco/Info.plist";
				IPHONEOS_DEPLOYMENT_TARGET = 13.0;
				LD_RUNPATH_SEARCH_PATHS = (
					"$(inherited)",
					"@executable_path/Frameworks",
				);
				MARKETING_VERSION = 3;
				PRODUCT_BUNDLE_IDENTIFIER = com.altereco.altereco;
				PRODUCT_NAME = "$(TARGET_NAME)";
				SWIFT_ACTIVE_COMPILATION_CONDITIONS = NO_BACKEND_TESTING;
				SWIFT_VERSION = 5.0;
				TARGETED_DEVICE_FAMILY = "1,2";
			};
			name = Release;
		};
		DEDE54B824467B4E003FE0DE /* Debug */ = {
			isa = XCBuildConfiguration;
			buildSettings = {
				ASSETCATALOG_COMPILER_APPICON_NAME = AppIcon;
				CODE_SIGN_IDENTITY = "Apple Development";
				CODE_SIGN_STYLE = Automatic;
				DEVELOPMENT_ASSET_PATHS = "\"Alter Eco/Preview Content\"";
				DEVELOPMENT_TEAM = WSTC8F6Z3G;
				ENABLE_PREVIEWS = YES;
				INFOPLIST_FILE = "Alter Eco copy-Info.plist";
				LD_RUNPATH_SEARCH_PATHS = (
					"$(inherited)",
					"@executable_path/Frameworks",
				);
				OTHER_SWIFT_FLAGS = "";
				PRODUCT_BUNDLE_IDENTIFIER = AlterEcoBackend;
				PRODUCT_NAME = "$(TARGET_NAME)";
				SWIFT_ACTIVE_COMPILATION_CONDITIONS = DEBUG;
				SWIFT_VERSION = 5.0;
				TARGETED_DEVICE_FAMILY = "1,2";
			};
			name = Debug;
		};
		DEDE54B924467B4E003FE0DE /* Release */ = {
			isa = XCBuildConfiguration;
			buildSettings = {
				ASSETCATALOG_COMPILER_APPICON_NAME = AppIcon;
				CODE_SIGN_IDENTITY = "Apple Development";
				CODE_SIGN_STYLE = Automatic;
				DEVELOPMENT_ASSET_PATHS = "\"Alter Eco/Preview Content\"";
				DEVELOPMENT_TEAM = WSTC8F6Z3G;
				ENABLE_PREVIEWS = YES;
				INFOPLIST_FILE = "Alter Eco copy-Info.plist";
				LD_RUNPATH_SEARCH_PATHS = (
					"$(inherited)",
					"@executable_path/Frameworks",
				);
				PRODUCT_BUNDLE_IDENTIFIER = AlterEcoBackend;
				PRODUCT_NAME = "$(TARGET_NAME)";
				SWIFT_ACTIVE_COMPILATION_CONDITIONS = "";
				SWIFT_VERSION = 5.0;
				TARGETED_DEVICE_FAMILY = "1,2";
			};
			name = Release;
		};
/* End XCBuildConfiguration section */

/* Begin XCConfigurationList section */
		9CD5947724296D9300B1D0B4 /* Build configuration list for PBXNativeTarget "Alter EcoBackEndTest" */ = {
			isa = XCConfigurationList;
			buildConfigurations = (
				9CD5947824296D9300B1D0B4 /* Debug */,
				9CD5947924296D9300B1D0B4 /* Release */,
			);
			defaultConfigurationIsVisible = 0;
			defaultConfigurationName = Release;
		};
		CD200B3A23E3885100629E73 /* Build configuration list for PBXProject "Alter Eco" */ = {
			isa = XCConfigurationList;
			buildConfigurations = (
				CD200B6723E3885800629E73 /* Debug */,
				CD200B6823E3885800629E73 /* Release */,
			);
			defaultConfigurationIsVisible = 0;
			defaultConfigurationName = Release;
		};
		CD200B6923E3885800629E73 /* Build configuration list for PBXNativeTarget "Alter Eco" */ = {
			isa = XCConfigurationList;
			buildConfigurations = (
				CD200B6A23E3885800629E73 /* Debug */,
				CD200B6B23E3885800629E73 /* Release */,
			);
			defaultConfigurationIsVisible = 0;
			defaultConfigurationName = Release;
		};
		DEDE54B724467B4E003FE0DE /* Build configuration list for PBXNativeTarget "AlterEcoBackend" */ = {
			isa = XCConfigurationList;
			buildConfigurations = (
				DEDE54B824467B4E003FE0DE /* Debug */,
				DEDE54B924467B4E003FE0DE /* Release */,
			);
			defaultConfigurationIsVisible = 0;
			defaultConfigurationName = Release;
		};
/* End XCConfigurationList section */

/* Begin XCVersionGroup section */
		DE5E6E7724DF00CC00299047 /* Database2.0.xcdatamodeld */ = {
			isa = XCVersionGroup;
			children = (
				DE5E6E7824DF00CC00299047 /* Database2.0.xcdatamodel */,
			);
			currentVersion = DE5E6E7824DF00CC00299047 /* Database2.0.xcdatamodel */;
			path = Database2.0.xcdatamodeld;
			sourceTree = "<group>";
			versionGroupType = wrapper.xcdatamodel;
		};
/* End XCVersionGroup section */
	};
	rootObject = CD200B3723E3885100629E73 /* Project object */;
}
