// !$*UTF8*$!
{
	archiveVersion = 1;
	classes = {
	};
	objectVersion = 50;
	objects = {

/* Begin PBXBuildFile section */
		CD221A8023DE0A94008A521D /* AppDelegate.swift in Sources */ = {isa = PBXBuildFile; fileRef = CD221A7F23DE0A94008A521D /* AppDelegate.swift */; };
		CD221A8223DE0A94008A521D /* SceneDelegate.swift in Sources */ = {isa = PBXBuildFile; fileRef = CD221A8123DE0A94008A521D /* SceneDelegate.swift */; };
		CD221A8423DE0A94008A521D /* ContentView.swift in Sources */ = {isa = PBXBuildFile; fileRef = CD221A8323DE0A94008A521D /* ContentView.swift */; };
		CD221A8623DE0A99008A521D /* Assets.xcassets in Resources */ = {isa = PBXBuildFile; fileRef = CD221A8523DE0A99008A521D /* Assets.xcassets */; };
		CD221A8923DE0A99008A521D /* Preview Assets.xcassets in Resources */ = {isa = PBXBuildFile; fileRef = CD221A8823DE0A99008A521D /* Preview Assets.xcassets */; };
		CD221A8C23DE0A99008A521D /* LaunchScreen.storyboard in Resources */ = {isa = PBXBuildFile; fileRef = CD221A8A23DE0A99008A521D /* LaunchScreen.storyboard */; };
		CD221A9723DE0A99008A521D /* ThirdUIScreenTests.swift in Sources */ = {isa = PBXBuildFile; fileRef = CD221A9623DE0A99008A521D /* ThirdUIScreenTests.swift */; };
		CD221AA223DE0A99008A521D /* ThirdUIScreenUITests.swift in Sources */ = {isa = PBXBuildFile; fileRef = CD221AA123DE0A99008A521D /* ThirdUIScreenUITests.swift */; };
		CD221AB023DE1506008A521D /* CircleImage.swift in Sources */ = {isa = PBXBuildFile; fileRef = CD221AAF23DE1506008A521D /* CircleImage.swift */; };
		CD221AB223DE16AB008A521D /* MapView.swift in Sources */ = {isa = PBXBuildFile; fileRef = CD221AB123DE16AB008A521D /* MapView.swift */; };
		CD221AB423DE57BC008A521D /* ViewRouter.swift in Sources */ = {isa = PBXBuildFile; fileRef = CD221AB323DE57BC008A521D /* ViewRouter.swift */; };
		CDAD5F0A23E0487C00F4DE56 /* splashscreen.swift in Sources */ = {isa = PBXBuildFile; fileRef = CDAD5F0923E0487C00F4DE56 /* splashscreen.swift */; };
/* End PBXBuildFile section */

/* Begin PBXContainerItemProxy section */
		CD221A9323DE0A99008A521D /* PBXContainerItemProxy */ = {
			isa = PBXContainerItemProxy;
			containerPortal = CD221A7423DE0A94008A521D /* Project object */;
			proxyType = 1;
			remoteGlobalIDString = CD221A7B23DE0A94008A521D;
			remoteInfo = ThirdUIScreen;
		};
		CD221A9E23DE0A99008A521D /* PBXContainerItemProxy */ = {
			isa = PBXContainerItemProxy;
			containerPortal = CD221A7423DE0A94008A521D /* Project object */;
			proxyType = 1;
			remoteGlobalIDString = CD221A7B23DE0A94008A521D;
			remoteInfo = ThirdUIScreen;
		};
/* End PBXContainerItemProxy section */

/* Begin PBXFileReference section */
		CD221A7C23DE0A94008A521D /* ThirdUIScreen.app */ = {isa = PBXFileReference; explicitFileType = wrapper.application; includeInIndex = 0; path = ThirdUIScreen.app; sourceTree = BUILT_PRODUCTS_DIR; };
		CD221A7F23DE0A94008A521D /* AppDelegate.swift */ = {isa = PBXFileReference; lastKnownFileType = sourcecode.swift; path = AppDelegate.swift; sourceTree = "<group>"; };
		CD221A8123DE0A94008A521D /* SceneDelegate.swift */ = {isa = PBXFileReference; lastKnownFileType = sourcecode.swift; path = SceneDelegate.swift; sourceTree = "<group>"; };
		CD221A8323DE0A94008A521D /* ContentView.swift */ = {isa = PBXFileReference; lastKnownFileType = sourcecode.swift; path = ContentView.swift; sourceTree = "<group>"; };
		CD221A8523DE0A99008A521D /* Assets.xcassets */ = {isa = PBXFileReference; lastKnownFileType = folder.assetcatalog; path = Assets.xcassets; sourceTree = "<group>"; };
		CD221A8823DE0A99008A521D /* Preview Assets.xcassets */ = {isa = PBXFileReference; lastKnownFileType = folder.assetcatalog; path = "Preview Assets.xcassets"; sourceTree = "<group>"; };
		CD221A8B23DE0A99008A521D /* Base */ = {isa = PBXFileReference; lastKnownFileType = file.storyboard; name = Base; path = Base.lproj/LaunchScreen.storyboard; sourceTree = "<group>"; };
		CD221A8D23DE0A99008A521D /* Info.plist */ = {isa = PBXFileReference; lastKnownFileType = text.plist.xml; path = Info.plist; sourceTree = "<group>"; };
		CD221A9223DE0A99008A521D /* ThirdUIScreenTests.xctest */ = {isa = PBXFileReference; explicitFileType = wrapper.cfbundle; includeInIndex = 0; path = ThirdUIScreenTests.xctest; sourceTree = BUILT_PRODUCTS_DIR; };
		CD221A9623DE0A99008A521D /* ThirdUIScreenTests.swift */ = {isa = PBXFileReference; lastKnownFileType = sourcecode.swift; path = ThirdUIScreenTests.swift; sourceTree = "<group>"; };
		CD221A9823DE0A99008A521D /* Info.plist */ = {isa = PBXFileReference; lastKnownFileType = text.plist.xml; path = Info.plist; sourceTree = "<group>"; };
		CD221A9D23DE0A99008A521D /* ThirdUIScreenUITests.xctest */ = {isa = PBXFileReference; explicitFileType = wrapper.cfbundle; includeInIndex = 0; path = ThirdUIScreenUITests.xctest; sourceTree = BUILT_PRODUCTS_DIR; };
		CD221AA123DE0A99008A521D /* ThirdUIScreenUITests.swift */ = {isa = PBXFileReference; lastKnownFileType = sourcecode.swift; path = ThirdUIScreenUITests.swift; sourceTree = "<group>"; };
		CD221AA323DE0A99008A521D /* Info.plist */ = {isa = PBXFileReference; lastKnownFileType = text.plist.xml; path = Info.plist; sourceTree = "<group>"; };
		CD221AAF23DE1506008A521D /* CircleImage.swift */ = {isa = PBXFileReference; lastKnownFileType = sourcecode.swift; path = CircleImage.swift; sourceTree = "<group>"; };
		CD221AB123DE16AB008A521D /* MapView.swift */ = {isa = PBXFileReference; lastKnownFileType = sourcecode.swift; path = MapView.swift; sourceTree = "<group>"; };
		CD221AB323DE57BC008A521D /* ViewRouter.swift */ = {isa = PBXFileReference; lastKnownFileType = sourcecode.swift; path = ViewRouter.swift; sourceTree = "<group>"; };
		CDAD5F0923E0487C00F4DE56 /* splashscreen.swift */ = {isa = PBXFileReference; lastKnownFileType = sourcecode.swift; path = splashscreen.swift; sourceTree = "<group>"; };
/* End PBXFileReference section */

/* Begin PBXFrameworksBuildPhase section */
		CD221A7923DE0A94008A521D /* Frameworks */ = {
			isa = PBXFrameworksBuildPhase;
			buildActionMask = 2147483647;
			files = (
			);
			runOnlyForDeploymentPostprocessing = 0;
		};
		CD221A8F23DE0A99008A521D /* Frameworks */ = {
			isa = PBXFrameworksBuildPhase;
			buildActionMask = 2147483647;
			files = (
			);
			runOnlyForDeploymentPostprocessing = 0;
		};
		CD221A9A23DE0A99008A521D /* Frameworks */ = {
			isa = PBXFrameworksBuildPhase;
			buildActionMask = 2147483647;
			files = (
			);
			runOnlyForDeploymentPostprocessing = 0;
		};
/* End PBXFrameworksBuildPhase section */

/* Begin PBXGroup section */
		CD221A7323DE0A94008A521D = {
			isa = PBXGroup;
			children = (
				CD221A7E23DE0A94008A521D /* ThirdUIScreen */,
				CD221A9523DE0A99008A521D /* ThirdUIScreenTests */,
				CD221AA023DE0A99008A521D /* ThirdUIScreenUITests */,
				CD221A7D23DE0A94008A521D /* Products */,
			);
			sourceTree = "<group>";
		};
		CD221A7D23DE0A94008A521D /* Products */ = {
			isa = PBXGroup;
			children = (
				CD221A7C23DE0A94008A521D /* ThirdUIScreen.app */,
				CD221A9223DE0A99008A521D /* ThirdUIScreenTests.xctest */,
				CD221A9D23DE0A99008A521D /* ThirdUIScreenUITests.xctest */,
			);
			name = Products;
			sourceTree = "<group>";
		};
		CD221A7E23DE0A94008A521D /* ThirdUIScreen */ = {
			isa = PBXGroup;
			children = (
				CD221A7F23DE0A94008A521D /* AppDelegate.swift */,
				CD221A8123DE0A94008A521D /* SceneDelegate.swift */,
				CDAD5F0923E0487C00F4DE56 /* splashscreen.swift */,
				CD221A8323DE0A94008A521D /* ContentView.swift */,
				CD221AB323DE57BC008A521D /* ViewRouter.swift */,
				CD221A8523DE0A99008A521D /* Assets.xcassets */,
				CD221AAF23DE1506008A521D /* CircleImage.swift */,
				CD221AB123DE16AB008A521D /* MapView.swift */,
				CD221A8A23DE0A99008A521D /* LaunchScreen.storyboard */,
				CD221A8D23DE0A99008A521D /* Info.plist */,
				CD221A8723DE0A99008A521D /* Preview Content */,
			);
			path = ThirdUIScreen;
			sourceTree = "<group>";
		};
		CD221A8723DE0A99008A521D /* Preview Content */ = {
			isa = PBXGroup;
			children = (
				CD221A8823DE0A99008A521D /* Preview Assets.xcassets */,
			);
			path = "Preview Content";
			sourceTree = "<group>";
		};
		CD221A9523DE0A99008A521D /* ThirdUIScreenTests */ = {
			isa = PBXGroup;
			children = (
				CD221A9623DE0A99008A521D /* ThirdUIScreenTests.swift */,
				CD221A9823DE0A99008A521D /* Info.plist */,
			);
			path = ThirdUIScreenTests;
			sourceTree = "<group>";
		};
		CD221AA023DE0A99008A521D /* ThirdUIScreenUITests */ = {
			isa = PBXGroup;
			children = (
				CD221AA123DE0A99008A521D /* ThirdUIScreenUITests.swift */,
				CD221AA323DE0A99008A521D /* Info.plist */,
			);
			path = ThirdUIScreenUITests;
			sourceTree = "<group>";
		};
/* End PBXGroup section */

/* Begin PBXNativeTarget section */
		CD221A7B23DE0A94008A521D /* ThirdUIScreen */ = {
			isa = PBXNativeTarget;
			buildConfigurationList = CD221AA623DE0A99008A521D /* Build configuration list for PBXNativeTarget "ThirdUIScreen" */;
			buildPhases = (
				CD221A7823DE0A94008A521D /* Sources */,
				CD221A7923DE0A94008A521D /* Frameworks */,
				CD221A7A23DE0A94008A521D /* Resources */,
			);
			buildRules = (
			);
			dependencies = (
			);
			name = ThirdUIScreen;
			productName = ThirdUIScreen;
			productReference = CD221A7C23DE0A94008A521D /* ThirdUIScreen.app */;
			productType = "com.apple.product-type.application";
		};
		CD221A9123DE0A99008A521D /* ThirdUIScreenTests */ = {
			isa = PBXNativeTarget;
			buildConfigurationList = CD221AA923DE0A99008A521D /* Build configuration list for PBXNativeTarget "ThirdUIScreenTests" */;
			buildPhases = (
				CD221A8E23DE0A99008A521D /* Sources */,
				CD221A8F23DE0A99008A521D /* Frameworks */,
				CD221A9023DE0A99008A521D /* Resources */,
			);
			buildRules = (
			);
			dependencies = (
				CD221A9423DE0A99008A521D /* PBXTargetDependency */,
			);
			name = ThirdUIScreenTests;
			productName = ThirdUIScreenTests;
			productReference = CD221A9223DE0A99008A521D /* ThirdUIScreenTests.xctest */;
			productType = "com.apple.product-type.bundle.unit-test";
		};
		CD221A9C23DE0A99008A521D /* ThirdUIScreenUITests */ = {
			isa = PBXNativeTarget;
			buildConfigurationList = CD221AAC23DE0A99008A521D /* Build configuration list for PBXNativeTarget "ThirdUIScreenUITests" */;
			buildPhases = (
				CD221A9923DE0A99008A521D /* Sources */,
				CD221A9A23DE0A99008A521D /* Frameworks */,
				CD221A9B23DE0A99008A521D /* Resources */,
			);
			buildRules = (
			);
			dependencies = (
				CD221A9F23DE0A99008A521D /* PBXTargetDependency */,
			);
			name = ThirdUIScreenUITests;
			productName = ThirdUIScreenUITests;
			productReference = CD221A9D23DE0A99008A521D /* ThirdUIScreenUITests.xctest */;
			productType = "com.apple.product-type.bundle.ui-testing";
		};
/* End PBXNativeTarget section */

/* Begin PBXProject section */
		CD221A7423DE0A94008A521D /* Project object */ = {
			isa = PBXProject;
			attributes = {
				LastSwiftUpdateCheck = 1130;
				LastUpgradeCheck = 1130;
				ORGANIZATIONNAME = Satisfaction;
				TargetAttributes = {
					CD221A7B23DE0A94008A521D = {
						CreatedOnToolsVersion = 11.3;
					};
					CD221A9123DE0A99008A521D = {
						CreatedOnToolsVersion = 11.3;
						TestTargetID = CD221A7B23DE0A94008A521D;
					};
					CD221A9C23DE0A99008A521D = {
						CreatedOnToolsVersion = 11.3;
						TestTargetID = CD221A7B23DE0A94008A521D;
					};
				};
			};
			buildConfigurationList = CD221A7723DE0A94008A521D /* Build configuration list for PBXProject "ThirdUIScreen" */;
			compatibilityVersion = "Xcode 9.3";
			developmentRegion = en;
			hasScannedForEncodings = 0;
			knownRegions = (
				en,
				Base,
			);
			mainGroup = CD221A7323DE0A94008A521D;
			productRefGroup = CD221A7D23DE0A94008A521D /* Products */;
			projectDirPath = "";
			projectRoot = "";
			targets = (
				CD221A7B23DE0A94008A521D /* ThirdUIScreen */,
				CD221A9123DE0A99008A521D /* ThirdUIScreenTests */,
				CD221A9C23DE0A99008A521D /* ThirdUIScreenUITests */,
			);
		};
/* End PBXProject section */

/* Begin PBXResourcesBuildPhase section */
		CD221A7A23DE0A94008A521D /* Resources */ = {
			isa = PBXResourcesBuildPhase;
			buildActionMask = 2147483647;
			files = (
				CD221A8C23DE0A99008A521D /* LaunchScreen.storyboard in Resources */,
				CD221A8923DE0A99008A521D /* Preview Assets.xcassets in Resources */,
				CD221A8623DE0A99008A521D /* Assets.xcassets in Resources */,
			);
			runOnlyForDeploymentPostprocessing = 0;
		};
		CD221A9023DE0A99008A521D /* Resources */ = {
			isa = PBXResourcesBuildPhase;
			buildActionMask = 2147483647;
			files = (
			);
			runOnlyForDeploymentPostprocessing = 0;
		};
		CD221A9B23DE0A99008A521D /* Resources */ = {
			isa = PBXResourcesBuildPhase;
			buildActionMask = 2147483647;
			files = (
			);
			runOnlyForDeploymentPostprocessing = 0;
		};
/* End PBXResourcesBuildPhase section */

/* Begin PBXSourcesBuildPhase section */
		CD221A7823DE0A94008A521D /* Sources */ = {
			isa = PBXSourcesBuildPhase;
			buildActionMask = 2147483647;
			files = (
				CD221A8023DE0A94008A521D /* AppDelegate.swift in Sources */,
				CD221AB023DE1506008A521D /* CircleImage.swift in Sources */,
				CD221AB223DE16AB008A521D /* MapView.swift in Sources */,
				CD221AB423DE57BC008A521D /* ViewRouter.swift in Sources */,
				CDAD5F0A23E0487C00F4DE56 /* splashscreen.swift in Sources */,
				CD221A8223DE0A94008A521D /* SceneDelegate.swift in Sources */,
				CD221A8423DE0A94008A521D /* ContentView.swift in Sources */,
			);
			runOnlyForDeploymentPostprocessing = 0;
		};
		CD221A8E23DE0A99008A521D /* Sources */ = {
			isa = PBXSourcesBuildPhase;
			buildActionMask = 2147483647;
			files = (
				CD221A9723DE0A99008A521D /* ThirdUIScreenTests.swift in Sources */,
			);
			runOnlyForDeploymentPostprocessing = 0;
		};
		CD221A9923DE0A99008A521D /* Sources */ = {
			isa = PBXSourcesBuildPhase;
			buildActionMask = 2147483647;
			files = (
				CD221AA223DE0A99008A521D /* ThirdUIScreenUITests.swift in Sources */,
			);
			runOnlyForDeploymentPostprocessing = 0;
		};
/* End PBXSourcesBuildPhase section */

/* Begin PBXTargetDependency section */
		CD221A9423DE0A99008A521D /* PBXTargetDependency */ = {
			isa = PBXTargetDependency;
			target = CD221A7B23DE0A94008A521D /* ThirdUIScreen */;
			targetProxy = CD221A9323DE0A99008A521D /* PBXContainerItemProxy */;
		};
		CD221A9F23DE0A99008A521D /* PBXTargetDependency */ = {
			isa = PBXTargetDependency;
			target = CD221A7B23DE0A94008A521D /* ThirdUIScreen */;
			targetProxy = CD221A9E23DE0A99008A521D /* PBXContainerItemProxy */;
		};
/* End PBXTargetDependency section */

/* Begin PBXVariantGroup section */
		CD221A8A23DE0A99008A521D /* LaunchScreen.storyboard */ = {
			isa = PBXVariantGroup;
			children = (
				CD221A8B23DE0A99008A521D /* Base */,
			);
			name = LaunchScreen.storyboard;
			sourceTree = "<group>";
		};
/* End PBXVariantGroup section */

/* Begin XCBuildConfiguration section */
		CD221AA423DE0A99008A521D /* Debug */ = {
			isa = XCBuildConfiguration;
			buildSettings = {
				ALWAYS_SEARCH_USER_PATHS = NO;
				CLANG_ANALYZER_NONNULL = YES;
				CLANG_ANALYZER_NUMBER_OBJECT_CONVERSION = YES_AGGRESSIVE;
				CLANG_CXX_LANGUAGE_STANDARD = "gnu++14";
				CLANG_CXX_LIBRARY = "libc++";
				CLANG_ENABLE_MODULES = YES;
				CLANG_ENABLE_OBJC_ARC = YES;
				CLANG_ENABLE_OBJC_WEAK = YES;
				CLANG_WARN_BLOCK_CAPTURE_AUTORELEASING = YES;
				CLANG_WARN_BOOL_CONVERSION = YES;
				CLANG_WARN_COMMA = YES;
				CLANG_WARN_CONSTANT_CONVERSION = YES;
				CLANG_WARN_DEPRECATED_OBJC_IMPLEMENTATIONS = YES;
				CLANG_WARN_DIRECT_OBJC_ISA_USAGE = YES_ERROR;
				CLANG_WARN_DOCUMENTATION_COMMENTS = YES;
				CLANG_WARN_EMPTY_BODY = YES;
				CLANG_WARN_ENUM_CONVERSION = YES;
				CLANG_WARN_INFINITE_RECURSION = YES;
				CLANG_WARN_INT_CONVERSION = YES;
				CLANG_WARN_NON_LITERAL_NULL_CONVERSION = YES;
				CLANG_WARN_OBJC_IMPLICIT_RETAIN_SELF = YES;
				CLANG_WARN_OBJC_LITERAL_CONVERSION = YES;
				CLANG_WARN_OBJC_ROOT_CLASS = YES_ERROR;
				CLANG_WARN_RANGE_LOOP_ANALYSIS = YES;
				CLANG_WARN_STRICT_PROTOTYPES = YES;
				CLANG_WARN_SUSPICIOUS_MOVE = YES;
				CLANG_WARN_UNGUARDED_AVAILABILITY = YES_AGGRESSIVE;
				CLANG_WARN_UNREACHABLE_CODE = YES;
				CLANG_WARN__DUPLICATE_METHOD_MATCH = YES;
				COPY_PHASE_STRIP = NO;
				DEBUG_INFORMATION_FORMAT = dwarf;
				ENABLE_STRICT_OBJC_MSGSEND = YES;
				ENABLE_TESTABILITY = YES;
				GCC_C_LANGUAGE_STANDARD = gnu11;
				GCC_DYNAMIC_NO_PIC = NO;
				GCC_NO_COMMON_BLOCKS = YES;
				GCC_OPTIMIZATION_LEVEL = 0;
				GCC_PREPROCESSOR_DEFINITIONS = (
					"DEBUG=1",
					"$(inherited)",
				);
				GCC_WARN_64_TO_32_BIT_CONVERSION = YES;
				GCC_WARN_ABOUT_RETURN_TYPE = YES_ERROR;
				GCC_WARN_UNDECLARED_SELECTOR = YES;
				GCC_WARN_UNINITIALIZED_AUTOS = YES_AGGRESSIVE;
				GCC_WARN_UNUSED_FUNCTION = YES;
				GCC_WARN_UNUSED_VARIABLE = YES;
				IPHONEOS_DEPLOYMENT_TARGET = 13.2;
				MTL_ENABLE_DEBUG_INFO = INCLUDE_SOURCE;
				MTL_FAST_MATH = YES;
				ONLY_ACTIVE_ARCH = YES;
				SDKROOT = iphoneos;
				SWIFT_ACTIVE_COMPILATION_CONDITIONS = DEBUG;
				SWIFT_OPTIMIZATION_LEVEL = "-Onone";
			};
			name = Debug;
		};
		CD221AA523DE0A99008A521D /* Release */ = {
			isa = XCBuildConfiguration;
			buildSettings = {
				ALWAYS_SEARCH_USER_PATHS = NO;
				CLANG_ANALYZER_NONNULL = YES;
				CLANG_ANALYZER_NUMBER_OBJECT_CONVERSION = YES_AGGRESSIVE;
				CLANG_CXX_LANGUAGE_STANDARD = "gnu++14";
				CLANG_CXX_LIBRARY = "libc++";
				CLANG_ENABLE_MODULES = YES;
				CLANG_ENABLE_OBJC_ARC = YES;
				CLANG_ENABLE_OBJC_WEAK = YES;
				CLANG_WARN_BLOCK_CAPTURE_AUTORELEASING = YES;
				CLANG_WARN_BOOL_CONVERSION = YES;
				CLANG_WARN_COMMA = YES;
				CLANG_WARN_CONSTANT_CONVERSION = YES;
				CLANG_WARN_DEPRECATED_OBJC_IMPLEMENTATIONS = YES;
				CLANG_WARN_DIRECT_OBJC_ISA_USAGE = YES_ERROR;
				CLANG_WARN_DOCUMENTATION_COMMENTS = YES;
				CLANG_WARN_EMPTY_BODY = YES;
				CLANG_WARN_ENUM_CONVERSION = YES;
				CLANG_WARN_INFINITE_RECURSION = YES;
				CLANG_WARN_INT_CONVERSION = YES;
				CLANG_WARN_NON_LITERAL_NULL_CONVERSION = YES;
				CLANG_WARN_OBJC_IMPLICIT_RETAIN_SELF = YES;
				CLANG_WARN_OBJC_LITERAL_CONVERSION = YES;
				CLANG_WARN_OBJC_ROOT_CLASS = YES_ERROR;
				CLANG_WARN_RANGE_LOOP_ANALYSIS = YES;
				CLANG_WARN_STRICT_PROTOTYPES = YES;
				CLANG_WARN_SUSPICIOUS_MOVE = YES;
				CLANG_WARN_UNGUARDED_AVAILABILITY = YES_AGGRESSIVE;
				CLANG_WARN_UNREACHABLE_CODE = YES;
				CLANG_WARN__DUPLICATE_METHOD_MATCH = YES;
				COPY_PHASE_STRIP = NO;
				DEBUG_INFORMATION_FORMAT = "dwarf-with-dsym";
				ENABLE_NS_ASSERTIONS = NO;
				ENABLE_STRICT_OBJC_MSGSEND = YES;
				GCC_C_LANGUAGE_STANDARD = gnu11;
				GCC_NO_COMMON_BLOCKS = YES;
				GCC_WARN_64_TO_32_BIT_CONVERSION = YES;
				GCC_WARN_ABOUT_RETURN_TYPE = YES_ERROR;
				GCC_WARN_UNDECLARED_SELECTOR = YES;
				GCC_WARN_UNINITIALIZED_AUTOS = YES_AGGRESSIVE;
				GCC_WARN_UNUSED_FUNCTION = YES;
				GCC_WARN_UNUSED_VARIABLE = YES;
				IPHONEOS_DEPLOYMENT_TARGET = 13.2;
				MTL_ENABLE_DEBUG_INFO = NO;
				MTL_FAST_MATH = YES;
				SDKROOT = iphoneos;
				SWIFT_COMPILATION_MODE = wholemodule;
				SWIFT_OPTIMIZATION_LEVEL = "-O";
				VALIDATE_PRODUCT = YES;
			};
			name = Release;
		};
		CD221AA723DE0A99008A521D /* Debug */ = {
			isa = XCBuildConfiguration;
			buildSettings = {
				ASSETCATALOG_COMPILER_APPICON_NAME = AppIcon;
				CODE_SIGN_STYLE = Automatic;
				DEVELOPMENT_ASSET_PATHS = "\"ThirdUIScreen/Preview Content\"";
				ENABLE_PREVIEWS = YES;
				INFOPLIST_FILE = ThirdUIScreen/Info.plist;
				LD_RUNPATH_SEARCH_PATHS = (
					"$(inherited)",
					"@executable_path/Frameworks",
				);
				PRODUCT_BUNDLE_IDENTIFIER = yourcompany.com.ThirdUIScreen;
				PRODUCT_NAME = "$(TARGET_NAME)";
				SWIFT_VERSION = 5.0;
				TARGETED_DEVICE_FAMILY = "1,2";
			};
			name = Debug;
		};
		CD221AA823DE0A99008A521D /* Release */ = {
			isa = XCBuildConfiguration;
			buildSettings = {
				ASSETCATALOG_COMPILER_APPICON_NAME = AppIcon;
				CODE_SIGN_STYLE = Automatic;
				DEVELOPMENT_ASSET_PATHS = "\"ThirdUIScreen/Preview Content\"";
				ENABLE_PREVIEWS = YES;
				INFOPLIST_FILE = ThirdUIScreen/Info.plist;
				LD_RUNPATH_SEARCH_PATHS = (
					"$(inherited)",
					"@executable_path/Frameworks",
				);
				PRODUCT_BUNDLE_IDENTIFIER = yourcompany.com.ThirdUIScreen;
				PRODUCT_NAME = "$(TARGET_NAME)";
				SWIFT_VERSION = 5.0;
				TARGETED_DEVICE_FAMILY = "1,2";
			};
			name = Release;
		};
		CD221AAA23DE0A99008A521D /* Debug */ = {
			isa = XCBuildConfiguration;
			buildSettings = {
				ALWAYS_EMBED_SWIFT_STANDARD_LIBRARIES = YES;
				BUNDLE_LOADER = "$(TEST_HOST)";
				CODE_SIGN_STYLE = Automatic;
				INFOPLIST_FILE = ThirdUIScreenTests/Info.plist;
				IPHONEOS_DEPLOYMENT_TARGET = 13.2;
				LD_RUNPATH_SEARCH_PATHS = (
					"$(inherited)",
					"@executable_path/Frameworks",
					"@loader_path/Frameworks",
				);
				PRODUCT_BUNDLE_IDENTIFIER = yourcompany.com.ThirdUIScreenTests;
				PRODUCT_NAME = "$(TARGET_NAME)";
				SWIFT_VERSION = 5.0;
				TARGETED_DEVICE_FAMILY = "1,2";
				TEST_HOST = "$(BUILT_PRODUCTS_DIR)/ThirdUIScreen.app/ThirdUIScreen";
			};
			name = Debug;
		};
		CD221AAB23DE0A99008A521D /* Release */ = {
			isa = XCBuildConfiguration;
			buildSettings = {
				ALWAYS_EMBED_SWIFT_STANDARD_LIBRARIES = YES;
				BUNDLE_LOADER = "$(TEST_HOST)";
				CODE_SIGN_STYLE = Automatic;
				INFOPLIST_FILE = ThirdUIScreenTests/Info.plist;
				IPHONEOS_DEPLOYMENT_TARGET = 13.2;
				LD_RUNPATH_SEARCH_PATHS = (
					"$(inherited)",
					"@executable_path/Frameworks",
					"@loader_path/Frameworks",
				);
				PRODUCT_BUNDLE_IDENTIFIER = yourcompany.com.ThirdUIScreenTests;
				PRODUCT_NAME = "$(TARGET_NAME)";
				SWIFT_VERSION = 5.0;
				TARGETED_DEVICE_FAMILY = "1,2";
				TEST_HOST = "$(BUILT_PRODUCTS_DIR)/ThirdUIScreen.app/ThirdUIScreen";
			};
			name = Release;
		};
		CD221AAD23DE0A99008A521D /* Debug */ = {
			isa = XCBuildConfiguration;
			buildSettings = {
				ALWAYS_EMBED_SWIFT_STANDARD_LIBRARIES = YES;
				CODE_SIGN_STYLE = Automatic;
				INFOPLIST_FILE = ThirdUIScreenUITests/Info.plist;
				LD_RUNPATH_SEARCH_PATHS = (
					"$(inherited)",
					"@executable_path/Frameworks",
					"@loader_path/Frameworks",
				);
				PRODUCT_BUNDLE_IDENTIFIER = yourcompany.com.ThirdUIScreenUITests;
				PRODUCT_NAME = "$(TARGET_NAME)";
				SWIFT_VERSION = 5.0;
				TARGETED_DEVICE_FAMILY = "1,2";
				TEST_TARGET_NAME = ThirdUIScreen;
			};
			name = Debug;
		};
		CD221AAE23DE0A99008A521D /* Release */ = {
			isa = XCBuildConfiguration;
			buildSettings = {
				ALWAYS_EMBED_SWIFT_STANDARD_LIBRARIES = YES;
				CODE_SIGN_STYLE = Automatic;
				INFOPLIST_FILE = ThirdUIScreenUITests/Info.plist;
				LD_RUNPATH_SEARCH_PATHS = (
					"$(inherited)",
					"@executable_path/Frameworks",
					"@loader_path/Frameworks",
				);
				PRODUCT_BUNDLE_IDENTIFIER = yourcompany.com.ThirdUIScreenUITests;
				PRODUCT_NAME = "$(TARGET_NAME)";
				SWIFT_VERSION = 5.0;
				TARGETED_DEVICE_FAMILY = "1,2";
				TEST_TARGET_NAME = ThirdUIScreen;
			};
			name = Release;
		};
/* End XCBuildConfiguration section */

/* Begin XCConfigurationList section */
		CD221A7723DE0A94008A521D /* Build configuration list for PBXProject "ThirdUIScreen" */ = {
			isa = XCConfigurationList;
			buildConfigurations = (
				CD221AA423DE0A99008A521D /* Debug */,
				CD221AA523DE0A99008A521D /* Release */,
			);
			defaultConfigurationIsVisible = 0;
			defaultConfigurationName = Release;
		};
		CD221AA623DE0A99008A521D /* Build configuration list for PBXNativeTarget "ThirdUIScreen" */ = {
			isa = XCConfigurationList;
			buildConfigurations = (
				CD221AA723DE0A99008A521D /* Debug */,
				CD221AA823DE0A99008A521D /* Release */,
			);
			defaultConfigurationIsVisible = 0;
			defaultConfigurationName = Release;
		};
		CD221AA923DE0A99008A521D /* Build configuration list for PBXNativeTarget "ThirdUIScreenTests" */ = {
			isa = XCConfigurationList;
			buildConfigurations = (
				CD221AAA23DE0A99008A521D /* Debug */,
				CD221AAB23DE0A99008A521D /* Release */,
			);
			defaultConfigurationIsVisible = 0;
			defaultConfigurationName = Release;
		};
		CD221AAC23DE0A99008A521D /* Build configuration list for PBXNativeTarget "ThirdUIScreenUITests" */ = {
			isa = XCConfigurationList;
			buildConfigurations = (
				CD221AAD23DE0A99008A521D /* Debug */,
				CD221AAE23DE0A99008A521D /* Release */,
			);
			defaultConfigurationIsVisible = 0;
			defaultConfigurationName = Release;
		};
/* End XCConfigurationList section */
	};
	rootObject = CD221A7423DE0A94008A521D /* Project object */;
}
